// !$*UTF8*$!
{
	archiveVersion = 1;
	classes = {
	};
	objectVersion = 46;
	objects = {

/* Begin PBXBuildFile section */
		DA2DFFD31EECB16A00365F23 /* AppDelegate.swift in Sources */ = {isa = PBXBuildFile; fileRef = DA2DFFA51EECB16A00365F23 /* AppDelegate.swift */; };
		DA2DFFD41EECB16A00365F23 /* Controller.swift in Sources */ = {isa = PBXBuildFile; fileRef = DA2DFFA61EECB16A00365F23 /* Controller.swift */; };
		DA2DFFD51EECB16A00365F23 /* ControllerParent.swift in Sources */ = {isa = PBXBuildFile; fileRef = DA2DFFA71EECB16A00365F23 /* ControllerParent.swift */; };
		DA2DFFD61EECB16A00365F23 /* CHome.swift in Sources */ = {isa = PBXBuildFile; fileRef = DA2DFFA91EECB16A00365F23 /* CHome.swift */; };
		DA2DFFD71EECB16A00365F23 /* MSession.swift in Sources */ = {isa = PBXBuildFile; fileRef = DA2DFFAD1EECB16A00365F23 /* MSession.swift */; };
		DA2DFFD81EECB16A00365F23 /* LaunchScreen.storyboard in Resources */ = {isa = PBXBuildFile; fileRef = DA2DFFB01EECB16A00365F23 /* LaunchScreen.storyboard */; };
		DA2DFFD91EECB16A00365F23 /* ExtensionDictionary.swift in Sources */ = {isa = PBXBuildFile; fileRef = DA2DFFB31EECB16A00365F23 /* ExtensionDictionary.swift */; };
		DA2DFFDA1EECB16A00365F23 /* ExtensionFileManager.swift in Sources */ = {isa = PBXBuildFile; fileRef = DA2DFFB41EECB16A00365F23 /* ExtensionFileManager.swift */; };
		DA2DFFDB1EECB16A00365F23 /* ExtensionNotification.swift in Sources */ = {isa = PBXBuildFile; fileRef = DA2DFFB51EECB16A00365F23 /* ExtensionNotification.swift */; };
		DA2DFFDC1EECB16A00365F23 /* ExtensionNSLayoutConstraint.swift in Sources */ = {isa = PBXBuildFile; fileRef = DA2DFFB61EECB16A00365F23 /* ExtensionNSLayoutConstraint.swift */; };
		DA2DFFDD1EECB16A00365F23 /* ExtensionNSManagedObject.swift in Sources */ = {isa = PBXBuildFile; fileRef = DA2DFFB71EECB16A00365F23 /* ExtensionNSManagedObject.swift */; };
		DA2DFFDE1EECB16A00365F23 /* ExtensionString.swift in Sources */ = {isa = PBXBuildFile; fileRef = DA2DFFB81EECB16A00365F23 /* ExtensionString.swift */; };
		DA2DFFDF1EECB16A00365F23 /* ExtensionUICollectionReusableView.swift in Sources */ = {isa = PBXBuildFile; fileRef = DA2DFFB91EECB16A00365F23 /* ExtensionUICollectionReusableView.swift */; };
		DA2DFFE01EECB16A00365F23 /* ExtensionUIColor.swift in Sources */ = {isa = PBXBuildFile; fileRef = DA2DFFBA1EECB16A00365F23 /* ExtensionUIColor.swift */; };
		DA2DFFE11EECB16A00365F23 /* ExtensionUIFont.swift in Sources */ = {isa = PBXBuildFile; fileRef = DA2DFFBB1EECB16A00365F23 /* ExtensionUIFont.swift */; };
		DA2DFFE21EECB16A00365F23 /* ExtensionURL.swift in Sources */ = {isa = PBXBuildFile; fileRef = DA2DFFBC1EECB16A00365F23 /* ExtensionURL.swift */; };
		DA2DFFE31EECB16A00365F23 /* Localizable.strings in Resources */ = {isa = PBXBuildFile; fileRef = DA2DFFBE1EECB16A00365F23 /* Localizable.strings */; };
		DA2DFFE41EECB16A00365F23 /* ResourceURL.plist in Resources */ = {isa = PBXBuildFile; fileRef = DA2DFFC01EECB16A00365F23 /* ResourceURL.plist */; };
		DA2DFFE51EECB16A00365F23 /* View.swift in Sources */ = {isa = PBXBuildFile; fileRef = DA2DFFC31EECB16A00365F23 /* View.swift */; };
		DA2DFFE61EECB16A00365F23 /* ViewParent.swift in Sources */ = {isa = PBXBuildFile; fileRef = DA2DFFC41EECB16A00365F23 /* ViewParent.swift */; };
		DA2DFFE71EECB16A00365F23 /* VAlert.swift in Sources */ = {isa = PBXBuildFile; fileRef = DA2DFFC61EECB16A00365F23 /* VAlert.swift */; };
		DA2DFFE81EECB16A00365F23 /* VBlur.swift in Sources */ = {isa = PBXBuildFile; fileRef = DA2DFFC71EECB16A00365F23 /* VBlur.swift */; };
		DA2DFFE91EECB16A00365F23 /* VBorder.swift in Sources */ = {isa = PBXBuildFile; fileRef = DA2DFFC81EECB16A00365F23 /* VBorder.swift */; };
		DA2DFFEA1EECB16A00365F23 /* VCollection.swift in Sources */ = {isa = PBXBuildFile; fileRef = DA2DFFC91EECB16A00365F23 /* VCollection.swift */; };
		DA2DFFEB1EECB16A00365F23 /* VCollectionFlow.swift in Sources */ = {isa = PBXBuildFile; fileRef = DA2DFFCA1EECB16A00365F23 /* VCollectionFlow.swift */; };
		DA2DFFEC1EECB16A00365F23 /* VGradient.swift in Sources */ = {isa = PBXBuildFile; fileRef = DA2DFFCB1EECB16A00365F23 /* VGradient.swift */; };
		DA2DFFED1EECB16A00365F23 /* VPushBackground.swift in Sources */ = {isa = PBXBuildFile; fileRef = DA2DFFCC1EECB16A00365F23 /* VPushBackground.swift */; };
		DA2DFFEE1EECB16A00365F23 /* VSlider.swift in Sources */ = {isa = PBXBuildFile; fileRef = DA2DFFCD1EECB16A00365F23 /* VSlider.swift */; };
		DA2DFFEF1EECB16A00365F23 /* VSliderBar.swift in Sources */ = {isa = PBXBuildFile; fileRef = DA2DFFCE1EECB16A00365F23 /* VSliderBar.swift */; };
		DA2DFFF01EECB16A00365F23 /* VSpinner.swift in Sources */ = {isa = PBXBuildFile; fileRef = DA2DFFCF1EECB16A00365F23 /* VSpinner.swift */; };
		DA2DFFF11EECB16A00365F23 /* VToast.swift in Sources */ = {isa = PBXBuildFile; fileRef = DA2DFFD01EECB16A00365F23 /* VToast.swift */; };
		DA2DFFF21EECB16A00365F23 /* VHome.swift in Sources */ = {isa = PBXBuildFile; fileRef = DA2DFFD21EECB16A00365F23 /* VHome.swift */; };
/* End PBXBuildFile section */

/* Begin PBXFileReference section */
		DA2DFFA51EECB16A00365F23 /* AppDelegate.swift */ = {isa = PBXFileReference; fileEncoding = 4; lastKnownFileType = sourcecode.swift; path = AppDelegate.swift; sourceTree = "<group>"; };
		DA2DFFA61EECB16A00365F23 /* Controller.swift */ = {isa = PBXFileReference; fileEncoding = 4; lastKnownFileType = sourcecode.swift; path = Controller.swift; sourceTree = "<group>"; };
		DA2DFFA71EECB16A00365F23 /* ControllerParent.swift */ = {isa = PBXFileReference; fileEncoding = 4; lastKnownFileType = sourcecode.swift; path = ControllerParent.swift; sourceTree = "<group>"; };
		DA2DFFA91EECB16A00365F23 /* CHome.swift */ = {isa = PBXFileReference; fileEncoding = 4; lastKnownFileType = sourcecode.swift; path = CHome.swift; sourceTree = "<group>"; };
		DA2DFFAD1EECB16A00365F23 /* MSession.swift */ = {isa = PBXFileReference; fileEncoding = 4; lastKnownFileType = sourcecode.swift; path = MSession.swift; sourceTree = "<group>"; };
		DA2DFFB01EECB16A00365F23 /* LaunchScreen.storyboard */ = {isa = PBXFileReference; fileEncoding = 4; lastKnownFileType = file.storyboard; path = LaunchScreen.storyboard; sourceTree = "<group>"; };
		DA2DFFB31EECB16A00365F23 /* ExtensionDictionary.swift */ = {isa = PBXFileReference; fileEncoding = 4; lastKnownFileType = sourcecode.swift; path = ExtensionDictionary.swift; sourceTree = "<group>"; };
		DA2DFFB41EECB16A00365F23 /* ExtensionFileManager.swift */ = {isa = PBXFileReference; fileEncoding = 4; lastKnownFileType = sourcecode.swift; path = ExtensionFileManager.swift; sourceTree = "<group>"; };
		DA2DFFB51EECB16A00365F23 /* ExtensionNotification.swift */ = {isa = PBXFileReference; fileEncoding = 4; lastKnownFileType = sourcecode.swift; path = ExtensionNotification.swift; sourceTree = "<group>"; };
		DA2DFFB61EECB16A00365F23 /* ExtensionNSLayoutConstraint.swift */ = {isa = PBXFileReference; fileEncoding = 4; lastKnownFileType = sourcecode.swift; path = ExtensionNSLayoutConstraint.swift; sourceTree = "<group>"; };
		DA2DFFB71EECB16A00365F23 /* ExtensionNSManagedObject.swift */ = {isa = PBXFileReference; fileEncoding = 4; lastKnownFileType = sourcecode.swift; path = ExtensionNSManagedObject.swift; sourceTree = "<group>"; };
		DA2DFFB81EECB16A00365F23 /* ExtensionString.swift */ = {isa = PBXFileReference; fileEncoding = 4; lastKnownFileType = sourcecode.swift; path = ExtensionString.swift; sourceTree = "<group>"; };
		DA2DFFB91EECB16A00365F23 /* ExtensionUICollectionReusableView.swift */ = {isa = PBXFileReference; fileEncoding = 4; lastKnownFileType = sourcecode.swift; path = ExtensionUICollectionReusableView.swift; sourceTree = "<group>"; };
		DA2DFFBA1EECB16A00365F23 /* ExtensionUIColor.swift */ = {isa = PBXFileReference; fileEncoding = 4; lastKnownFileType = sourcecode.swift; path = ExtensionUIColor.swift; sourceTree = "<group>"; };
		DA2DFFBB1EECB16A00365F23 /* ExtensionUIFont.swift */ = {isa = PBXFileReference; fileEncoding = 4; lastKnownFileType = sourcecode.swift; path = ExtensionUIFont.swift; sourceTree = "<group>"; };
		DA2DFFBC1EECB16A00365F23 /* ExtensionURL.swift */ = {isa = PBXFileReference; fileEncoding = 4; lastKnownFileType = sourcecode.swift; path = ExtensionURL.swift; sourceTree = "<group>"; };
		DA2DFFBF1EECB16A00365F23 /* en */ = {isa = PBXFileReference; lastKnownFileType = text.plist.strings; name = en; path = en.lproj/Localizable.strings; sourceTree = "<group>"; };
		DA2DFFC01EECB16A00365F23 /* ResourceURL.plist */ = {isa = PBXFileReference; fileEncoding = 4; lastKnownFileType = text.plist.xml; path = ResourceURL.plist; sourceTree = "<group>"; };
		DA2DFFC31EECB16A00365F23 /* View.swift */ = {isa = PBXFileReference; fileEncoding = 4; lastKnownFileType = sourcecode.swift; path = View.swift; sourceTree = "<group>"; };
		DA2DFFC41EECB16A00365F23 /* ViewParent.swift */ = {isa = PBXFileReference; fileEncoding = 4; lastKnownFileType = sourcecode.swift; path = ViewParent.swift; sourceTree = "<group>"; };
		DA2DFFC61EECB16A00365F23 /* VAlert.swift */ = {isa = PBXFileReference; fileEncoding = 4; lastKnownFileType = sourcecode.swift; path = VAlert.swift; sourceTree = "<group>"; };
		DA2DFFC71EECB16A00365F23 /* VBlur.swift */ = {isa = PBXFileReference; fileEncoding = 4; lastKnownFileType = sourcecode.swift; path = VBlur.swift; sourceTree = "<group>"; };
		DA2DFFC81EECB16A00365F23 /* VBorder.swift */ = {isa = PBXFileReference; fileEncoding = 4; lastKnownFileType = sourcecode.swift; path = VBorder.swift; sourceTree = "<group>"; };
		DA2DFFC91EECB16A00365F23 /* VCollection.swift */ = {isa = PBXFileReference; fileEncoding = 4; lastKnownFileType = sourcecode.swift; path = VCollection.swift; sourceTree = "<group>"; };
		DA2DFFCA1EECB16A00365F23 /* VCollectionFlow.swift */ = {isa = PBXFileReference; fileEncoding = 4; lastKnownFileType = sourcecode.swift; path = VCollectionFlow.swift; sourceTree = "<group>"; };
		DA2DFFCB1EECB16A00365F23 /* VGradient.swift */ = {isa = PBXFileReference; fileEncoding = 4; lastKnownFileType = sourcecode.swift; path = VGradient.swift; sourceTree = "<group>"; };
		DA2DFFCC1EECB16A00365F23 /* VPushBackground.swift */ = {isa = PBXFileReference; fileEncoding = 4; lastKnownFileType = sourcecode.swift; path = VPushBackground.swift; sourceTree = "<group>"; };
		DA2DFFCD1EECB16A00365F23 /* VSlider.swift */ = {isa = PBXFileReference; fileEncoding = 4; lastKnownFileType = sourcecode.swift; path = VSlider.swift; sourceTree = "<group>"; };
		DA2DFFCE1EECB16A00365F23 /* VSliderBar.swift */ = {isa = PBXFileReference; fileEncoding = 4; lastKnownFileType = sourcecode.swift; path = VSliderBar.swift; sourceTree = "<group>"; };
		DA2DFFCF1EECB16A00365F23 /* VSpinner.swift */ = {isa = PBXFileReference; fileEncoding = 4; lastKnownFileType = sourcecode.swift; path = VSpinner.swift; sourceTree = "<group>"; };
		DA2DFFD01EECB16A00365F23 /* VToast.swift */ = {isa = PBXFileReference; fileEncoding = 4; lastKnownFileType = sourcecode.swift; path = VToast.swift; sourceTree = "<group>"; };
		DA2DFFD21EECB16A00365F23 /* VHome.swift */ = {isa = PBXFileReference; fileEncoding = 4; lastKnownFileType = sourcecode.swift; path = VHome.swift; sourceTree = "<group>"; };
		DAFB5F771EECAC74006A3B99 /* miniMancera.app */ = {isa = PBXFileReference; explicitFileType = wrapper.application; includeInIndex = 0; path = miniMancera.app; sourceTree = BUILT_PRODUCTS_DIR; };
		DAFB5F861EECAC74006A3B99 /* Info.plist */ = {isa = PBXFileReference; lastKnownFileType = text.plist.xml; path = Info.plist; sourceTree = "<group>"; };
/* End PBXFileReference section */

/* Begin PBXFrameworksBuildPhase section */
		DAFB5F741EECAC74006A3B99 /* Frameworks */ = {
			isa = PBXFrameworksBuildPhase;
			buildActionMask = 2147483647;
			files = (
			);
			runOnlyForDeploymentPostprocessing = 0;
		};
/* End PBXFrameworksBuildPhase section */

/* Begin PBXGroup section */
		DA2DFFA31EECB16A00365F23 /* Controller */ = {
			isa = PBXGroup;
			children = (
				DA2DFFA41EECB16A00365F23 /* Abstract */,
				DA2DFFA81EECB16A00365F23 /* Home */,
			);
			path = Controller;
			sourceTree = "<group>";
		};
		DA2DFFA41EECB16A00365F23 /* Abstract */ = {
			isa = PBXGroup;
			children = (
				DA2DFFA51EECB16A00365F23 /* AppDelegate.swift */,
				DA2DFFA61EECB16A00365F23 /* Controller.swift */,
				DA2DFFA71EECB16A00365F23 /* ControllerParent.swift */,
			);
			path = Abstract;
			sourceTree = "<group>";
		};
		DA2DFFA81EECB16A00365F23 /* Home */ = {
			isa = PBXGroup;
			children = (
				DA2DFFA91EECB16A00365F23 /* CHome.swift */,
			);
			path = Home;
			sourceTree = "<group>";
		};
		DA2DFFAA1EECB16A00365F23 /* Model */ = {
			isa = PBXGroup;
			children = (
				DA2DFFAB1EECB16A00365F23 /* Home */,
				DA2DFFAC1EECB16A00365F23 /* Main */,
			);
			path = Model;
			sourceTree = "<group>";
		};
		DA2DFFAB1EECB16A00365F23 /* Home */ = {
			isa = PBXGroup;
			children = (
			);
			path = Home;
			sourceTree = "<group>";
		};
		DA2DFFAC1EECB16A00365F23 /* Main */ = {
			isa = PBXGroup;
			children = (
				DA2DFFAD1EECB16A00365F23 /* MSession.swift */,
			);
			path = Main;
			sourceTree = "<group>";
		};
		DA2DFFAE1EECB16A00365F23 /* Support */ = {
			isa = PBXGroup;
			children = (
				DA2DFFAF1EECB16A00365F23 /* Assets */,
				DA2DFFB11EECB16A00365F23 /* Data */,
				DA2DFFB21EECB16A00365F23 /* Extensions */,
				DA2DFFBD1EECB16A00365F23 /* Resource */,
			);
			path = Support;
			sourceTree = "<group>";
		};
		DA2DFFAF1EECB16A00365F23 /* Assets */ = {
			isa = PBXGroup;
			children = (
				DA2DFFB01EECB16A00365F23 /* LaunchScreen.storyboard */,
			);
			path = Assets;
			sourceTree = "<group>";
		};
		DA2DFFB11EECB16A00365F23 /* Data */ = {
			isa = PBXGroup;
			children = (
			);
			path = Data;
			sourceTree = "<group>";
		};
		DA2DFFB21EECB16A00365F23 /* Extensions */ = {
			isa = PBXGroup;
			children = (
				DA2DFFB31EECB16A00365F23 /* ExtensionDictionary.swift */,
				DA2DFFB41EECB16A00365F23 /* ExtensionFileManager.swift */,
				DA2DFFB51EECB16A00365F23 /* ExtensionNotification.swift */,
				DA2DFFB61EECB16A00365F23 /* ExtensionNSLayoutConstraint.swift */,
				DA2DFFB71EECB16A00365F23 /* ExtensionNSManagedObject.swift */,
				DA2DFFB81EECB16A00365F23 /* ExtensionString.swift */,
				DA2DFFB91EECB16A00365F23 /* ExtensionUICollectionReusableView.swift */,
				DA2DFFBA1EECB16A00365F23 /* ExtensionUIColor.swift */,
				DA2DFFBB1EECB16A00365F23 /* ExtensionUIFont.swift */,
				DA2DFFBC1EECB16A00365F23 /* ExtensionURL.swift */,
			);
			path = Extensions;
			sourceTree = "<group>";
		};
		DA2DFFBD1EECB16A00365F23 /* Resource */ = {
			isa = PBXGroup;
			children = (
				DA2DFFBE1EECB16A00365F23 /* Localizable.strings */,
				DA2DFFC01EECB16A00365F23 /* ResourceURL.plist */,
			);
			path = Resource;
			sourceTree = "<group>";
		};
		DA2DFFC11EECB16A00365F23 /* View */ = {
			isa = PBXGroup;
			children = (
				DA2DFFC21EECB16A00365F23 /* Abstract */,
				DA2DFFC51EECB16A00365F23 /* Basic */,
				DA2DFFD11EECB16A00365F23 /* Home */,
			);
			path = View;
			sourceTree = "<group>";
		};
		DA2DFFC21EECB16A00365F23 /* Abstract */ = {
			isa = PBXGroup;
			children = (
				DA2DFFC31EECB16A00365F23 /* View.swift */,
				DA2DFFC41EECB16A00365F23 /* ViewParent.swift */,
			);
			path = Abstract;
			sourceTree = "<group>";
		};
		DA2DFFC51EECB16A00365F23 /* Basic */ = {
			isa = PBXGroup;
			children = (
				DA2DFFC61EECB16A00365F23 /* VAlert.swift */,
				DA2DFFC71EECB16A00365F23 /* VBlur.swift */,
				DA2DFFC81EECB16A00365F23 /* VBorder.swift */,
				DA2DFFC91EECB16A00365F23 /* VCollection.swift */,
				DA2DFFCA1EECB16A00365F23 /* VCollectionFlow.swift */,
				DA2DFFCB1EECB16A00365F23 /* VGradient.swift */,
				DA2DFFCC1EECB16A00365F23 /* VPushBackground.swift */,
				DA2DFFCD1EECB16A00365F23 /* VSlider.swift */,
				DA2DFFCE1EECB16A00365F23 /* VSliderBar.swift */,
				DA2DFFCF1EECB16A00365F23 /* VSpinner.swift */,
				DA2DFFD01EECB16A00365F23 /* VToast.swift */,
			);
			path = Basic;
			sourceTree = "<group>";
		};
		DA2DFFD11EECB16A00365F23 /* Home */ = {
			isa = PBXGroup;
			children = (
				DA2DFFD21EECB16A00365F23 /* VHome.swift */,
			);
			path = Home;
			sourceTree = "<group>";
		};
		DAFB5F6E1EECAC74006A3B99 = {
			isa = PBXGroup;
			children = (
				DAFB5F791EECAC74006A3B99 /* miniMancera */,
				DAFB5F781EECAC74006A3B99 /* Products */,
			);
			sourceTree = "<group>";
		};
		DAFB5F781EECAC74006A3B99 /* Products */ = {
			isa = PBXGroup;
			children = (
				DAFB5F771EECAC74006A3B99 /* miniMancera.app */,
			);
			name = Products;
			sourceTree = "<group>";
		};
		DAFB5F791EECAC74006A3B99 /* miniMancera */ = {
			isa = PBXGroup;
			children = (
				DA2DFFA31EECB16A00365F23 /* Controller */,
				DA2DFFAA1EECB16A00365F23 /* Model */,
				DA2DFFAE1EECB16A00365F23 /* Support */,
				DA2DFFC11EECB16A00365F23 /* View */,
				DAFB5F861EECAC74006A3B99 /* Info.plist */,
			);
			path = miniMancera;
			sourceTree = "<group>";
		};
/* End PBXGroup section */

/* Begin PBXNativeTarget section */
		DAFB5F761EECAC74006A3B99 /* miniMancera */ = {
			isa = PBXNativeTarget;
			buildConfigurationList = DAFB5F891EECAC74006A3B99 /* Build configuration list for PBXNativeTarget "miniMancera" */;
			buildPhases = (
				DAFB5F731EECAC74006A3B99 /* Sources */,
				DAFB5F741EECAC74006A3B99 /* Frameworks */,
				DAFB5F751EECAC74006A3B99 /* Resources */,
			);
			buildRules = (
			);
			dependencies = (
			);
			name = miniMancera;
			productName = miniMancera;
			productReference = DAFB5F771EECAC74006A3B99 /* miniMancera.app */;
			productType = "com.apple.product-type.application";
		};
/* End PBXNativeTarget section */

/* Begin PBXProject section */
		DAFB5F6F1EECAC74006A3B99 /* Project object */ = {
			isa = PBXProject;
			attributes = {
				LastSwiftUpdateCheck = 0830;
				LastUpgradeCheck = 0830;
				ORGANIZATIONNAME = iturbide;
				TargetAttributes = {
					DAFB5F761EECAC74006A3B99 = {
						CreatedOnToolsVersion = 8.3.2;
						DevelopmentTeam = 7AMWG3RLHN;
						ProvisioningStyle = Automatic;
					};
				};
			};
			buildConfigurationList = DAFB5F721EECAC74006A3B99 /* Build configuration list for PBXProject "miniMancera" */;
			compatibilityVersion = "Xcode 3.2";
			developmentRegion = English;
			hasScannedForEncodings = 0;
			knownRegions = (
				en,
				Base,
			);
			mainGroup = DAFB5F6E1EECAC74006A3B99;
			productRefGroup = DAFB5F781EECAC74006A3B99 /* Products */;
			projectDirPath = "";
			projectRoot = "";
			targets = (
				DAFB5F761EECAC74006A3B99 /* miniMancera */,
			);
		};
/* End PBXProject section */

/* Begin PBXResourcesBuildPhase section */
		DAFB5F751EECAC74006A3B99 /* Resources */ = {
			isa = PBXResourcesBuildPhase;
			buildActionMask = 2147483647;
			files = (
				DA2DFFD81EECB16A00365F23 /* LaunchScreen.storyboard in Resources */,
				DA2DFFE31EECB16A00365F23 /* Localizable.strings in Resources */,
				DA2DFFE41EECB16A00365F23 /* ResourceURL.plist in Resources */,
			);
			runOnlyForDeploymentPostprocessing = 0;
		};
/* End PBXResourcesBuildPhase section */

/* Begin PBXSourcesBuildPhase section */
		DAFB5F731EECAC74006A3B99 /* Sources */ = {
			isa = PBXSourcesBuildPhase;
			buildActionMask = 2147483647;
			files = (
				DA2DFFE51EECB16A00365F23 /* View.swift in Sources */,
				DA2DFFD31EECB16A00365F23 /* AppDelegate.swift in Sources */,
				DA2DFFD51EECB16A00365F23 /* ControllerParent.swift in Sources */,
				DA2DFFDC1EECB16A00365F23 /* ExtensionNSLayoutConstraint.swift in Sources */,
				DA2DFFE91EECB16A00365F23 /* VBorder.swift in Sources */,
				DA2DFFEA1EECB16A00365F23 /* VCollection.swift in Sources */,
				DA2DFFED1EECB16A00365F23 /* VPushBackground.swift in Sources */,
				DA2DFFF21EECB16A00365F23 /* VHome.swift in Sources */,
				DA2DFFDD1EECB16A00365F23 /* ExtensionNSManagedObject.swift in Sources */,
				DA2DFFE21EECB16A00365F23 /* ExtensionURL.swift in Sources */,
				DA2DFFEF1EECB16A00365F23 /* VSliderBar.swift in Sources */,
				DA2DFFEB1EECB16A00365F23 /* VCollectionFlow.swift in Sources */,
				DA2DFFDB1EECB16A00365F23 /* ExtensionNotification.swift in Sources */,
				DA2DFFE71EECB16A00365F23 /* VAlert.swift in Sources */,
				DA2DFFDA1EECB16A00365F23 /* ExtensionFileManager.swift in Sources */,
				DA2DFFD61EECB16A00365F23 /* CHome.swift in Sources */,
				DA2DFFDE1EECB16A00365F23 /* ExtensionString.swift in Sources */,
				DA2DFFE11EECB16A00365F23 /* ExtensionUIFont.swift in Sources */,
				DA2DFFD71EECB16A00365F23 /* MSession.swift in Sources */,
				DA2DFFEE1EECB16A00365F23 /* VSlider.swift in Sources */,
				DA2DFFE61EECB16A00365F23 /* ViewParent.swift in Sources */,
				DA2DFFF11EECB16A00365F23 /* VToast.swift in Sources */,
				DA2DFFE81EECB16A00365F23 /* VBlur.swift in Sources */,
				DA2DFFF01EECB16A00365F23 /* VSpinner.swift in Sources */,
				DA2DFFD41EECB16A00365F23 /* Controller.swift in Sources */,
				DA2DFFD91EECB16A00365F23 /* ExtensionDictionary.swift in Sources */,
				DA2DFFDF1EECB16A00365F23 /* ExtensionUICollectionReusableView.swift in Sources */,
				DA2DFFEC1EECB16A00365F23 /* VGradient.swift in Sources */,
				DA2DFFE01EECB16A00365F23 /* ExtensionUIColor.swift in Sources */,
			);
			runOnlyForDeploymentPostprocessing = 0;
		};
/* End PBXSourcesBuildPhase section */

/* Begin PBXVariantGroup section */
		DA2DFFBE1EECB16A00365F23 /* Localizable.strings */ = {
			isa = PBXVariantGroup;
			children = (
				DA2DFFBF1EECB16A00365F23 /* en */,
			);
			name = Localizable.strings;
			sourceTree = "<group>";
		};
/* End PBXVariantGroup section */

/* Begin XCBuildConfiguration section */
		DAFB5F871EECAC74006A3B99 /* Debug */ = {
			isa = XCBuildConfiguration;
			buildSettings = {
				ALWAYS_SEARCH_USER_PATHS = NO;
				CLANG_ANALYZER_NONNULL = YES;
				CLANG_ANALYZER_NUMBER_OBJECT_CONVERSION = YES_AGGRESSIVE;
				CLANG_CXX_LANGUAGE_STANDARD = "gnu++0x";
				CLANG_CXX_LIBRARY = "libc++";
				CLANG_ENABLE_MODULES = YES;
				CLANG_ENABLE_OBJC_ARC = YES;
				CLANG_WARN_BOOL_CONVERSION = YES;
				CLANG_WARN_CONSTANT_CONVERSION = YES;
				CLANG_WARN_DIRECT_OBJC_ISA_USAGE = YES_ERROR;
				CLANG_WARN_DOCUMENTATION_COMMENTS = YES;
				CLANG_WARN_EMPTY_BODY = YES;
				CLANG_WARN_ENUM_CONVERSION = YES;
				CLANG_WARN_INFINITE_RECURSION = YES;
				CLANG_WARN_INT_CONVERSION = YES;
				CLANG_WARN_OBJC_ROOT_CLASS = YES_ERROR;
				CLANG_WARN_SUSPICIOUS_MOVE = YES;
				CLANG_WARN_UNREACHABLE_CODE = YES;
				CLANG_WARN__DUPLICATE_METHOD_MATCH = YES;
				"CODE_SIGN_IDENTITY[sdk=iphoneos*]" = "iPhone Developer";
				COPY_PHASE_STRIP = NO;
				DEBUG_INFORMATION_FORMAT = dwarf;
				ENABLE_STRICT_OBJC_MSGSEND = YES;
				ENABLE_TESTABILITY = YES;
				GCC_C_LANGUAGE_STANDARD = gnu99;
				GCC_DYNAMIC_NO_PIC = NO;
				GCC_NO_COMMON_BLOCKS = YES;
				GCC_OPTIMIZATION_LEVEL = 0;
				GCC_PREPROCESSOR_DEFINITIONS = (
					"DEBUG=1",
					"$(inherited)",
				);
				GCC_WARN_64_TO_32_BIT_CONVERSION = YES;
				GCC_WARN_ABOUT_RETURN_TYPE = YES_ERROR;
				GCC_WARN_UNDECLARED_SELECTOR = YES;
				GCC_WARN_UNINITIALIZED_AUTOS = YES_AGGRESSIVE;
				GCC_WARN_UNUSED_FUNCTION = YES;
				GCC_WARN_UNUSED_VARIABLE = YES;
				IPHONEOS_DEPLOYMENT_TARGET = 10.3;
				MTL_ENABLE_DEBUG_INFO = YES;
				ONLY_ACTIVE_ARCH = YES;
				SDKROOT = iphoneos;
				SWIFT_ACTIVE_COMPILATION_CONDITIONS = DEBUG;
				SWIFT_OPTIMIZATION_LEVEL = "-Onone";
				TARGETED_DEVICE_FAMILY = "1,2";
			};
			name = Debug;
		};
		DAFB5F881EECAC74006A3B99 /* Release */ = {
			isa = XCBuildConfiguration;
			buildSettings = {
				ALWAYS_SEARCH_USER_PATHS = NO;
				CLANG_ANALYZER_NONNULL = YES;
				CLANG_ANALYZER_NUMBER_OBJECT_CONVERSION = YES_AGGRESSIVE;
				CLANG_CXX_LANGUAGE_STANDARD = "gnu++0x";
				CLANG_CXX_LIBRARY = "libc++";
				CLANG_ENABLE_MODULES = YES;
				CLANG_ENABLE_OBJC_ARC = YES;
				CLANG_WARN_BOOL_CONVERSION = YES;
				CLANG_WARN_CONSTANT_CONVERSION = YES;
				CLANG_WARN_DIRECT_OBJC_ISA_USAGE = YES_ERROR;
				CLANG_WARN_DOCUMENTATION_COMMENTS = YES;
				CLANG_WARN_EMPTY_BODY = YES;
				CLANG_WARN_ENUM_CONVERSION = YES;
				CLANG_WARN_INFINITE_RECURSION = YES;
				CLANG_WARN_INT_CONVERSION = YES;
				CLANG_WARN_OBJC_ROOT_CLASS = YES_ERROR;
				CLANG_WARN_SUSPICIOUS_MOVE = YES;
				CLANG_WARN_UNREACHABLE_CODE = YES;
				CLANG_WARN__DUPLICATE_METHOD_MATCH = YES;
				"CODE_SIGN_IDENTITY[sdk=iphoneos*]" = "iPhone Developer";
				COPY_PHASE_STRIP = NO;
				DEBUG_INFORMATION_FORMAT = "dwarf-with-dsym";
				ENABLE_NS_ASSERTIONS = NO;
				ENABLE_STRICT_OBJC_MSGSEND = YES;
				GCC_C_LANGUAGE_STANDARD = gnu99;
				GCC_NO_COMMON_BLOCKS = YES;
				GCC_WARN_64_TO_32_BIT_CONVERSION = YES;
				GCC_WARN_ABOUT_RETURN_TYPE = YES_ERROR;
				GCC_WARN_UNDECLARED_SELECTOR = YES;
				GCC_WARN_UNINITIALIZED_AUTOS = YES_AGGRESSIVE;
				GCC_WARN_UNUSED_FUNCTION = YES;
				GCC_WARN_UNUSED_VARIABLE = YES;
				IPHONEOS_DEPLOYMENT_TARGET = 10.3;
				MTL_ENABLE_DEBUG_INFO = NO;
				SDKROOT = iphoneos;
				SWIFT_OPTIMIZATION_LEVEL = "-Owholemodule";
				TARGETED_DEVICE_FAMILY = "1,2";
				VALIDATE_PRODUCT = YES;
			};
			name = Release;
		};
		DAFB5F8A1EECAC74006A3B99 /* Debug */ = {
			isa = XCBuildConfiguration;
			buildSettings = {
				ASSETCATALOG_COMPILER_APPICON_NAME = AppIcon;
				DEVELOPMENT_TEAM = 7AMWG3RLHN;
				INFOPLIST_FILE = miniMancera/Info.plist;
				LD_RUNPATH_SEARCH_PATHS = "$(inherited) @executable_path/Frameworks";
				PRODUCT_BUNDLE_IDENTIFIER = iturbide.miniMancera;
				PRODUCT_NAME = "$(TARGET_NAME)";
				SWIFT_VERSION = 3.0;
			};
			name = Debug;
		};
		DAFB5F8B1EECAC74006A3B99 /* Release */ = {
			isa = XCBuildConfiguration;
			buildSettings = {
				ASSETCATALOG_COMPILER_APPICON_NAME = AppIcon;
				DEVELOPMENT_TEAM = 7AMWG3RLHN;
				INFOPLIST_FILE = miniMancera/Info.plist;
				LD_RUNPATH_SEARCH_PATHS = "$(inherited) @executable_path/Frameworks";
				PRODUCT_BUNDLE_IDENTIFIER = iturbide.miniMancera;
				PRODUCT_NAME = "$(TARGET_NAME)";
				SWIFT_VERSION = 3.0;
			};
			name = Release;
		};
/* End XCBuildConfiguration section */

/* Begin XCConfigurationList section */
		DAFB5F721EECAC74006A3B99 /* Build configuration list for PBXProject "miniMancera" */ = {
			isa = XCConfigurationList;
			buildConfigurations = (
				DAFB5F871EECAC74006A3B99 /* Debug */,
				DAFB5F881EECAC74006A3B99 /* Release */,
			);
			defaultConfigurationIsVisible = 0;
			defaultConfigurationName = Release;
		};
		DAFB5F891EECAC74006A3B99 /* Build configuration list for PBXNativeTarget "miniMancera" */ = {
			isa = XCConfigurationList;
			buildConfigurations = (
				DAFB5F8A1EECAC74006A3B99 /* Debug */,
				DAFB5F8B1EECAC74006A3B99 /* Release */,
			);
			defaultConfigurationIsVisible = 0;
			defaultConfigurationName = Release;
		};
/* End XCConfigurationList section */
	};
	rootObject = DAFB5F6F1EECAC74006A3B99 /* Project object */;
}
