// !$*UTF8*$!
{
	archiveVersion = 1;
	classes = {
	};
	objectVersion = 46;
	objects = {

/* Begin PBXBuildFile section */
		DAFB5F7B1EECAC74006A3B99 /* AppDelegate.swift in Sources */ = {isa = PBXBuildFile; fileRef = DAFB5F7A1EECAC74006A3B99 /* AppDelegate.swift */; };
		DAFB5F7D1EECAC74006A3B99 /* ViewController.swift in Sources */ = {isa = PBXBuildFile; fileRef = DAFB5F7C1EECAC74006A3B99 /* ViewController.swift */; };
		DAFB5F801EECAC74006A3B99 /* Main.storyboard in Resources */ = {isa = PBXBuildFile; fileRef = DAFB5F7E1EECAC74006A3B99 /* Main.storyboard */; };
		DAFB5F821EECAC74006A3B99 /* Assets.xcassets in Resources */ = {isa = PBXBuildFile; fileRef = DAFB5F811EECAC74006A3B99 /* Assets.xcassets */; };
		DAFB5F851EECAC74006A3B99 /* LaunchScreen.storyboard in Resources */ = {isa = PBXBuildFile; fileRef = DAFB5F831EECAC74006A3B99 /* LaunchScreen.storyboard */; };
/* End PBXBuildFile section */

/* Begin PBXFileReference section */
		DAFB5F771EECAC74006A3B99 /* miniMancera.app */ = {isa = PBXFileReference; explicitFileType = wrapper.application; includeInIndex = 0; path = miniMancera.app; sourceTree = BUILT_PRODUCTS_DIR; };
		DAFB5F7A1EECAC74006A3B99 /* AppDelegate.swift */ = {isa = PBXFileReference; lastKnownFileType = sourcecode.swift; path = AppDelegate.swift; sourceTree = "<group>"; };
		DAFB5F7C1EECAC74006A3B99 /* ViewController.swift */ = {isa = PBXFileReference; lastKnownFileType = sourcecode.swift; path = ViewController.swift; sourceTree = "<group>"; };
		DAFB5F7F1EECAC74006A3B99 /* Base */ = {isa = PBXFileReference; lastKnownFileType = file.storyboard; name = Base; path = Base.lproj/Main.storyboard; sourceTree = "<group>"; };
		DAFB5F811EECAC74006A3B99 /* Assets.xcassets */ = {isa = PBXFileReference; lastKnownFileType = folder.assetcatalog; path = Assets.xcassets; sourceTree = "<group>"; };
		DAFB5F841EECAC74006A3B99 /* Base */ = {isa = PBXFileReference; lastKnownFileType = file.storyboard; name = Base; path = Base.lproj/LaunchScreen.storyboard; sourceTree = "<group>"; };
		DAFB5F861EECAC74006A3B99 /* Info.plist */ = {isa = PBXFileReference; lastKnownFileType = text.plist.xml; path = Info.plist; sourceTree = "<group>"; };
/* End PBXFileReference section */

/* Begin PBXFrameworksBuildPhase section */
		DAFB5F741EECAC74006A3B99 /* Frameworks */ = {
			isa = PBXFrameworksBuildPhase;
			buildActionMask = 2147483647;
			files = (
			);
			runOnlyForDeploymentPostprocessing = 0;
		};
/* End PBXFrameworksBuildPhase section */

/* Begin PBXGroup section */
		DAFB5F6E1EECAC74006A3B99 = {
			isa = PBXGroup;
			children = (
				DAFB5F791EECAC74006A3B99 /* miniMancera */,
				DAFB5F781EECAC74006A3B99 /* Products */,
			);
			sourceTree = "<group>";
		};
		DAFB5F781EECAC74006A3B99 /* Products */ = {
			isa = PBXGroup;
			children = (
				DAFB5F771EECAC74006A3B99 /* miniMancera.app */,
			);
			name = Products;
			sourceTree = "<group>";
		};
		DAFB5F791EECAC74006A3B99 /* miniMancera */ = {
			isa = PBXGroup;
			children = (
				DAFB5F7A1EECAC74006A3B99 /* AppDelegate.swift */,
				DAFB5F7C1EECAC74006A3B99 /* ViewController.swift */,
				DAFB5F7E1EECAC74006A3B99 /* Main.storyboard */,
				DAFB5F811EECAC74006A3B99 /* Assets.xcassets */,
				DAFB5F831EECAC74006A3B99 /* LaunchScreen.storyboard */,
				DAFB5F861EECAC74006A3B99 /* Info.plist */,
			);
			path = miniMancera;
			sourceTree = "<group>";
		};
/* End PBXGroup section */

/* Begin PBXNativeTarget section */
		DAFB5F761EECAC74006A3B99 /* miniMancera */ = {
			isa = PBXNativeTarget;
			buildConfigurationList = DAFB5F891EECAC74006A3B99 /* Build configuration list for PBXNativeTarget "miniMancera" */;
			buildPhases = (
				DAFB5F731EECAC74006A3B99 /* Sources */,
				DAFB5F741EECAC74006A3B99 /* Frameworks */,
				DAFB5F751EECAC74006A3B99 /* Resources */,
			);
			buildRules = (
			);
			dependencies = (
			);
			name = miniMancera;
			productName = miniMancera;
			productReference = DAFB5F771EECAC74006A3B99 /* miniMancera.app */;
			productType = "com.apple.product-type.application";
		};
/* End PBXNativeTarget section */

/* Begin PBXProject section */
		DAFB5F6F1EECAC74006A3B99 /* Project object */ = {
			isa = PBXProject;
			attributes = {
				LastSwiftUpdateCheck = 0830;
				LastUpgradeCheck = 0830;
				ORGANIZATIONNAME = iturbide;
				TargetAttributes = {
					DAFB5F761EECAC74006A3B99 = {
						CreatedOnToolsVersion = 8.3.2;
						DevelopmentTeam = 7AMWG3RLHN;
						ProvisioningStyle = Automatic;
					};
				};
			};
			buildConfigurationList = DAFB5F721EECAC74006A3B99 /* Build configuration list for PBXProject "miniMancera" */;
			compatibilityVersion = "Xcode 3.2";
			developmentRegion = English;
			hasScannedForEncodings = 0;
			knownRegions = (
				en,
				Base,
			);
			mainGroup = DAFB5F6E1EECAC74006A3B99;
			productRefGroup = DAFB5F781EECAC74006A3B99 /* Products */;
			projectDirPath = "";
			projectRoot = "";
			targets = (
				DAFB5F761EECAC74006A3B99 /* miniMancera */,
			);
		};
/* End PBXProject section */

/* Begin PBXResourcesBuildPhase section */
		DAFB5F751EECAC74006A3B99 /* Resources */ = {
			isa = PBXResourcesBuildPhase;
			buildActionMask = 2147483647;
			files = (
				DAFB5F851EECAC74006A3B99 /* LaunchScreen.storyboard in Resources */,
				DAFB5F821EECAC74006A3B99 /* Assets.xcassets in Resources */,
				DAFB5F801EECAC74006A3B99 /* Main.storyboard in Resources */,
			);
			runOnlyForDeploymentPostprocessing = 0;
		};
/* End PBXResourcesBuildPhase section */

/* Begin PBXSourcesBuildPhase section */
		DAFB5F731EECAC74006A3B99 /* Sources */ = {
			isa = PBXSourcesBuildPhase;
			buildActionMask = 2147483647;
			files = (
				DAFB5F7D1EECAC74006A3B99 /* ViewController.swift in Sources */,
				DAFB5F7B1EECAC74006A3B99 /* AppDelegate.swift in Sources */,
			);
			runOnlyForDeploymentPostprocessing = 0;
		};
/* End PBXSourcesBuildPhase section */

/* Begin PBXVariantGroup section */
		DAFB5F7E1EECAC74006A3B99 /* Main.storyboard */ = {
			isa = PBXVariantGroup;
			children = (
				DAFB5F7F1EECAC74006A3B99 /* Base */,
			);
			name = Main.storyboard;
			sourceTree = "<group>";
		};
		DAFB5F831EECAC74006A3B99 /* LaunchScreen.storyboard */ = {
			isa = PBXVariantGroup;
			children = (
				DAFB5F841EECAC74006A3B99 /* Base */,
			);
			name = LaunchScreen.storyboard;
			sourceTree = "<group>";
		};
/* End PBXVariantGroup section */

/* Begin XCBuildConfiguration section */
		DAFB5F871EECAC74006A3B99 /* Debug */ = {
			isa = XCBuildConfiguration;
			buildSettings = {
				ALWAYS_SEARCH_USER_PATHS = NO;
				CLANG_ANALYZER_NONNULL = YES;
				CLANG_ANALYZER_NUMBER_OBJECT_CONVERSION = YES_AGGRESSIVE;
				CLANG_CXX_LANGUAGE_STANDARD = "gnu++0x";
				CLANG_CXX_LIBRARY = "libc++";
				CLANG_ENABLE_MODULES = YES;
				CLANG_ENABLE_OBJC_ARC = YES;
				CLANG_WARN_BOOL_CONVERSION = YES;
				CLANG_WARN_CONSTANT_CONVERSION = YES;
				CLANG_WARN_DIRECT_OBJC_ISA_USAGE = YES_ERROR;
				CLANG_WARN_DOCUMENTATION_COMMENTS = YES;
				CLANG_WARN_EMPTY_BODY = YES;
				CLANG_WARN_ENUM_CONVERSION = YES;
				CLANG_WARN_INFINITE_RECURSION = YES;
				CLANG_WARN_INT_CONVERSION = YES;
				CLANG_WARN_OBJC_ROOT_CLASS = YES_ERROR;
				CLANG_WARN_SUSPICIOUS_MOVE = YES;
				CLANG_WARN_UNREACHABLE_CODE = YES;
				CLANG_WARN__DUPLICATE_METHOD_MATCH = YES;
				"CODE_SIGN_IDENTITY[sdk=iphoneos*]" = "iPhone Developer";
				COPY_PHASE_STRIP = NO;
				DEBUG_INFORMATION_FORMAT = dwarf;
				ENABLE_STRICT_OBJC_MSGSEND = YES;
				ENABLE_TESTABILITY = YES;
				GCC_C_LANGUAGE_STANDARD = gnu99;
				GCC_DYNAMIC_NO_PIC = NO;
				GCC_NO_COMMON_BLOCKS = YES;
				GCC_OPTIMIZATION_LEVEL = 0;
				GCC_PREPROCESSOR_DEFINITIONS = (
					"DEBUG=1",
					"$(inherited)",
				);
				GCC_WARN_64_TO_32_BIT_CONVERSION = YES;
				GCC_WARN_ABOUT_RETURN_TYPE = YES_ERROR;
				GCC_WARN_UNDECLARED_SELECTOR = YES;
				GCC_WARN_UNINITIALIZED_AUTOS = YES_AGGRESSIVE;
				GCC_WARN_UNUSED_FUNCTION = YES;
				GCC_WARN_UNUSED_VARIABLE = YES;
				IPHONEOS_DEPLOYMENT_TARGET = 10.3;
				MTL_ENABLE_DEBUG_INFO = YES;
				ONLY_ACTIVE_ARCH = YES;
				SDKROOT = iphoneos;
				SWIFT_ACTIVE_COMPILATION_CONDITIONS = DEBUG;
				SWIFT_OPTIMIZATION_LEVEL = "-Onone";
				TARGETED_DEVICE_FAMILY = "1,2";
			};
			name = Debug;
		};
		DAFB5F881EECAC74006A3B99 /* Release */ = {
			isa = XCBuildConfiguration;
			buildSettings = {
				ALWAYS_SEARCH_USER_PATHS = NO;
				CLANG_ANALYZER_NONNULL = YES;
				CLANG_ANALYZER_NUMBER_OBJECT_CONVERSION = YES_AGGRESSIVE;
				CLANG_CXX_LANGUAGE_STANDARD = "gnu++0x";
				CLANG_CXX_LIBRARY = "libc++";
				CLANG_ENABLE_MODULES = YES;
				CLANG_ENABLE_OBJC_ARC = YES;
				CLANG_WARN_BOOL_CONVERSION = YES;
				CLANG_WARN_CONSTANT_CONVERSION = YES;
				CLANG_WARN_DIRECT_OBJC_ISA_USAGE = YES_ERROR;
				CLANG_WARN_DOCUMENTATION_COMMENTS = YES;
				CLANG_WARN_EMPTY_BODY = YES;
				CLANG_WARN_ENUM_CONVERSION = YES;
				CLANG_WARN_INFINITE_RECURSION = YES;
				CLANG_WARN_INT_CONVERSION = YES;
				CLANG_WARN_OBJC_ROOT_CLASS = YES_ERROR;
				CLANG_WARN_SUSPICIOUS_MOVE = YES;
				CLANG_WARN_UNREACHABLE_CODE = YES;
				CLANG_WARN__DUPLICATE_METHOD_MATCH = YES;
				"CODE_SIGN_IDENTITY[sdk=iphoneos*]" = "iPhone Developer";
				COPY_PHASE_STRIP = NO;
				DEBUG_INFORMATION_FORMAT = "dwarf-with-dsym";
				ENABLE_NS_ASSERTIONS = NO;
				ENABLE_STRICT_OBJC_MSGSEND = YES;
				GCC_C_LANGUAGE_STANDARD = gnu99;
				GCC_NO_COMMON_BLOCKS = YES;
				GCC_WARN_64_TO_32_BIT_CONVERSION = YES;
				GCC_WARN_ABOUT_RETURN_TYPE = YES_ERROR;
				GCC_WARN_UNDECLARED_SELECTOR = YES;
				GCC_WARN_UNINITIALIZED_AUTOS = YES_AGGRESSIVE;
				GCC_WARN_UNUSED_FUNCTION = YES;
				GCC_WARN_UNUSED_VARIABLE = YES;
				IPHONEOS_DEPLOYMENT_TARGET = 10.3;
				MTL_ENABLE_DEBUG_INFO = NO;
				SDKROOT = iphoneos;
				SWIFT_OPTIMIZATION_LEVEL = "-Owholemodule";
				TARGETED_DEVICE_FAMILY = "1,2";
				VALIDATE_PRODUCT = YES;
			};
			name = Release;
		};
		DAFB5F8A1EECAC74006A3B99 /* Debug */ = {
			isa = XCBuildConfiguration;
			buildSettings = {
				ASSETCATALOG_COMPILER_APPICON_NAME = AppIcon;
				DEVELOPMENT_TEAM = 7AMWG3RLHN;
				INFOPLIST_FILE = miniMancera/Info.plist;
				LD_RUNPATH_SEARCH_PATHS = "$(inherited) @executable_path/Frameworks";
				PRODUCT_BUNDLE_IDENTIFIER = iturbide.miniMancera;
				PRODUCT_NAME = "$(TARGET_NAME)";
				SWIFT_VERSION = 3.0;
			};
			name = Debug;
		};
		DAFB5F8B1EECAC74006A3B99 /* Release */ = {
			isa = XCBuildConfiguration;
			buildSettings = {
				ASSETCATALOG_COMPILER_APPICON_NAME = AppIcon;
				DEVELOPMENT_TEAM = 7AMWG3RLHN;
				INFOPLIST_FILE = miniMancera/Info.plist;
				LD_RUNPATH_SEARCH_PATHS = "$(inherited) @executable_path/Frameworks";
				PRODUCT_BUNDLE_IDENTIFIER = iturbide.miniMancera;
				PRODUCT_NAME = "$(TARGET_NAME)";
				SWIFT_VERSION = 3.0;
			};
			name = Release;
		};
/* End XCBuildConfiguration section */

/* Begin XCConfigurationList section */
		DAFB5F721EECAC74006A3B99 /* Build configuration list for PBXProject "miniMancera" */ = {
			isa = XCConfigurationList;
			buildConfigurations = (
				DAFB5F871EECAC74006A3B99 /* Debug */,
				DAFB5F881EECAC74006A3B99 /* Release */,
			);
			defaultConfigurationIsVisible = 0;
			defaultConfigurationName = Release;
		};
		DAFB5F891EECAC74006A3B99 /* Build configuration list for PBXNativeTarget "miniMancera" */ = {
			isa = XCConfigurationList;
			buildConfigurations = (
				DAFB5F8A1EECAC74006A3B99 /* Debug */,
				DAFB5F8B1EECAC74006A3B99 /* Release */,
			);
			defaultConfigurationIsVisible = 0;
		};
/* End XCConfigurationList section */
	};
	rootObject = DAFB5F6F1EECAC74006A3B99 /* Project object */;
}
