// !$*UTF8*$!
{
	archiveVersion = 1;
	classes = {
	};
	objectVersion = 46;
	objects = {

/* Begin PBXBuildFile section */
		DA11DE3D1EF089810043749D /* MOptionReformaCrossingCoin.swift in Sources */ = {isa = PBXBuildFile; fileRef = DA11DE3C1EF089810043749D /* MOptionReformaCrossingCoin.swift */; };
		DA11DE3F1EF0F8D00043749D /* MOptionReformaCrossingGameOverHitAndRun.swift in Sources */ = {isa = PBXBuildFile; fileRef = DA11DE3E1EF0F8D00043749D /* MOptionReformaCrossingGameOverHitAndRun.swift */; };
		DA11DE471EF10A480043749D /* MOptionReformaCrossingFoeFactory.swift in Sources */ = {isa = PBXBuildFile; fileRef = DA11DE461EF10A480043749D /* MOptionReformaCrossingFoeFactory.swift */; };
		DA11DE491EF111790043749D /* MOptionReformaCrossingFoeRuta2.swift in Sources */ = {isa = PBXBuildFile; fileRef = DA11DE481EF111790043749D /* MOptionReformaCrossingFoeRuta2.swift */; };
		DA11DE4B1EF11E2F0043749D /* MOptionReformaCrossingFoeMetrobus.swift in Sources */ = {isa = PBXBuildFile; fileRef = DA11DE4A1EF11E2F0043749D /* MOptionReformaCrossingFoeMetrobus.swift */; };
		DA11DE4D1EF12B9E0043749D /* MOptionReformaCrossingFoePolice.swift in Sources */ = {isa = PBXBuildFile; fileRef = DA11DE4C1EF12B9E0043749D /* MOptionReformaCrossingFoePolice.swift */; };
		DA11DE4F1EF141F10043749D /* MOptionReformaCrossingFoeTamales.swift in Sources */ = {isa = PBXBuildFile; fileRef = DA11DE4E1EF141F10043749D /* MOptionReformaCrossingFoeTamales.swift */; };
		DA11DE511EF14A3A0043749D /* MOptionReformaCrossingFoeTaxiPink.swift in Sources */ = {isa = PBXBuildFile; fileRef = DA11DE501EF14A3A0043749D /* MOptionReformaCrossingFoeTaxiPink.swift */; };
		DA11DE531EF1A7950043749D /* MOptionReformaCrossingFoeFierroViejo.swift in Sources */ = {isa = PBXBuildFile; fileRef = DA11DE521EF1A7950043749D /* MOptionReformaCrossingFoeFierroViejo.swift */; };
		DA11DE551EF1AF430043749D /* MOptionReformaCrossingFoeLordAudi.swift in Sources */ = {isa = PBXBuildFile; fileRef = DA11DE541EF1AF430043749D /* MOptionReformaCrossingFoeLordAudi.swift */; };
		DA1D57831EF1CE5D00ECA895 /* MOptionReformaCrossingFoeCyclerFemale.swift in Sources */ = {isa = PBXBuildFile; fileRef = DA1D57821EF1CE5D00ECA895 /* MOptionReformaCrossingFoeCyclerFemale.swift */; };
		DA1D578C1EF1EEE100ECA895 /* soundReformaCrossing.caf in Resources */ = {isa = PBXBuildFile; fileRef = DA1D578B1EF1EEE100ECA895 /* soundReformaCrossing.caf */; };
		DA1D57921EF207B700ECA895 /* soundCarHorn.caf in Resources */ = {isa = PBXBuildFile; fileRef = DA1D578D1EF207B700ECA895 /* soundCarHorn.caf */; };
		DA1D57931EF207B700ECA895 /* soundCoin.caf in Resources */ = {isa = PBXBuildFile; fileRef = DA1D578E1EF207B700ECA895 /* soundCoin.caf */; };
		DA1D57941EF207B700ECA895 /* soundFail.caf in Resources */ = {isa = PBXBuildFile; fileRef = DA1D578F1EF207B700ECA895 /* soundFail.caf */; };
		DA1D57951EF207B700ECA895 /* sound1up.caf in Resources */ = {isa = PBXBuildFile; fileRef = DA1D57901EF207B700ECA895 /* sound1up.caf */; };
		DA1D57961EF207B700ECA895 /* soundVictory.caf in Resources */ = {isa = PBXBuildFile; fileRef = DA1D57911EF207B700ECA895 /* soundVictory.caf */; };
		DA1D57981EF235D600ECA895 /* ControllerParentGame.swift in Sources */ = {isa = PBXBuildFile; fileRef = DA1D57971EF235D600ECA895 /* ControllerParentGame.swift */; };
		DA1D579A1EF238D300ECA895 /* ControllerParentTransitions.swift in Sources */ = {isa = PBXBuildFile; fileRef = DA1D57991EF238D300ECA895 /* ControllerParentTransitions.swift */; };
		DA1D579C1EF245C800ECA895 /* VHomeFooterCell.swift in Sources */ = {isa = PBXBuildFile; fileRef = DA1D579B1EF245C800ECA895 /* VHomeFooterCell.swift */; };
		DA2D00181EECB4C600365F23 /* VHomeHeader.swift in Sources */ = {isa = PBXBuildFile; fileRef = DA2D00171EECB4C600365F23 /* VHomeHeader.swift */; };
		DA2D001A1EECB4CF00365F23 /* VHomeFooter.swift in Sources */ = {isa = PBXBuildFile; fileRef = DA2D00191EECB4CF00365F23 /* VHomeFooter.swift */; };
		DA2D001C1EECB4DF00365F23 /* VHomeOptions.swift in Sources */ = {isa = PBXBuildFile; fileRef = DA2D001B1EECB4DF00365F23 /* VHomeOptions.swift */; };
		DA2D00201EECB68F00365F23 /* VHomeOptionsCell.swift in Sources */ = {isa = PBXBuildFile; fileRef = DA2D001F1EECB68F00365F23 /* VHomeOptionsCell.swift */; };
		DA2D00291EECB9D500365F23 /* Localizable.strings in Resources */ = {isa = PBXBuildFile; fileRef = DA2D00271EECB9D500365F23 /* Localizable.strings */; };
		DA2D002B1EECC6CE00365F23 /* ControllerGame.swift in Sources */ = {isa = PBXBuildFile; fileRef = DA2D002A1EECC6CE00365F23 /* ControllerGame.swift */; };
		DA2D002F1EECC88F00365F23 /* COptionReformaCrossing.swift in Sources */ = {isa = PBXBuildFile; fileRef = DA2D002E1EECC88F00365F23 /* COptionReformaCrossing.swift */; };
		DA2D00341EECCA1000365F23 /* MOptionProtocol.swift in Sources */ = {isa = PBXBuildFile; fileRef = DA2D00331EECCA1000365F23 /* MOptionProtocol.swift */; };
		DA2D003E1EED2F0000365F23 /* assetSprites.xcassets in Resources */ = {isa = PBXBuildFile; fileRef = DA2D003D1EED2F0000365F23 /* assetSprites.xcassets */; };
		DA2D00711EEDE38600365F23 /* MOptionReformaCrossing.swift in Sources */ = {isa = PBXBuildFile; fileRef = DA2D005E1EEDE38600365F23 /* MOptionReformaCrossing.swift */; };
		DA2D00761EEDE38600365F23 /* MOptionReformaCrossingFoe.swift in Sources */ = {isa = PBXBuildFile; fileRef = DA2D00641EEDE38600365F23 /* MOptionReformaCrossingFoe.swift */; };
		DA2D00771EEDE38600365F23 /* MOptionReformaCrossingLaneA.swift in Sources */ = {isa = PBXBuildFile; fileRef = DA2D00661EEDE38600365F23 /* MOptionReformaCrossingLaneA.swift */; };
		DA2D00781EEDE38600365F23 /* MOptionReformaCrossingLaneB.swift in Sources */ = {isa = PBXBuildFile; fileRef = DA2D00671EEDE38600365F23 /* MOptionReformaCrossingLaneB.swift */; };
		DA2D00791EEDE38600365F23 /* MOptionReformaCrossingLaneC.swift in Sources */ = {isa = PBXBuildFile; fileRef = DA2D00681EEDE38600365F23 /* MOptionReformaCrossingLaneC.swift */; };
		DA2D007A1EEDE38600365F23 /* MOptionReformaCrossingLaneD.swift in Sources */ = {isa = PBXBuildFile; fileRef = DA2D00691EEDE38600365F23 /* MOptionReformaCrossingLaneD.swift */; };
		DA2D007B1EEDE38600365F23 /* MOptionReformaCrossingLaneE.swift in Sources */ = {isa = PBXBuildFile; fileRef = DA2D006A1EEDE38600365F23 /* MOptionReformaCrossingLaneE.swift */; };
		DA2D007C1EEDE38600365F23 /* MOptionReformaCrossingLaneF.swift in Sources */ = {isa = PBXBuildFile; fileRef = DA2D006B1EEDE38600365F23 /* MOptionReformaCrossingLaneF.swift */; };
		DA2D007D1EEDE38600365F23 /* MOptionReformaCrossingLaneG.swift in Sources */ = {isa = PBXBuildFile; fileRef = DA2D006C1EEDE38600365F23 /* MOptionReformaCrossingLaneG.swift */; };
		DA2D007E1EEDE38600365F23 /* MOptionReformaCrossingLaneH.swift in Sources */ = {isa = PBXBuildFile; fileRef = DA2D006D1EEDE38600365F23 /* MOptionReformaCrossingLaneH.swift */; };
		DA2D007F1EEDE38600365F23 /* MOptionReformaCrossingLaneLeft.swift in Sources */ = {isa = PBXBuildFile; fileRef = DA2D006E1EEDE38600365F23 /* MOptionReformaCrossingLaneLeft.swift */; };
		DA2D00801EEDE38600365F23 /* MOptionReformaCrossingLaneProtocol.swift in Sources */ = {isa = PBXBuildFile; fileRef = DA2D006F1EEDE38600365F23 /* MOptionReformaCrossingLaneProtocol.swift */; };
		DA2D00811EEDE38600365F23 /* MOptionReformaCrossingLaneRight.swift in Sources */ = {isa = PBXBuildFile; fileRef = DA2D00701EEDE38600365F23 /* MOptionReformaCrossingLaneRight.swift */; };
		DA2D00831EEDE39D00365F23 /* MOptionReformaCrossingLane.swift in Sources */ = {isa = PBXBuildFile; fileRef = DA2D00821EEDE39D00365F23 /* MOptionReformaCrossingLane.swift */; };
		DA2D00851EEDF49700365F23 /* MOptionReformaCrossingFoeProtocol.swift in Sources */ = {isa = PBXBuildFile; fileRef = DA2D00841EEDF49700365F23 /* MOptionReformaCrossingFoeProtocol.swift */; };
		DA2D00871EEDF4E200365F23 /* MOptionReformaCrossingFoeVW.swift in Sources */ = {isa = PBXBuildFile; fileRef = DA2D00861EEDF4E200365F23 /* MOptionReformaCrossingFoeVW.swift */; };
		DA2D008D1EEE04E300365F23 /* MOptionReformaCrossingPhysicsStruct.swift in Sources */ = {isa = PBXBuildFile; fileRef = DA2D008C1EEE04E300365F23 /* MOptionReformaCrossingPhysicsStruct.swift */; };
		DA2D008F1EEE6D6F00365F23 /* MOptionReformaCrossingLaneGroup.swift in Sources */ = {isa = PBXBuildFile; fileRef = DA2D008E1EEE6D6F00365F23 /* MOptionReformaCrossingLaneGroup.swift */; };
		DA2D00A11EEFC15E00365F23 /* MOptionReformaCrossingBackground.swift in Sources */ = {isa = PBXBuildFile; fileRef = DA2D00991EEFC15E00365F23 /* MOptionReformaCrossingBackground.swift */; };
		DA2D00A21EEFC15E00365F23 /* MOptionReformaCrossingHud.swift in Sources */ = {isa = PBXBuildFile; fileRef = DA2D009A1EEFC15E00365F23 /* MOptionReformaCrossingHud.swift */; };
		DA2D00A31EEFC15E00365F23 /* MOptionReformaCrossingMenu.swift in Sources */ = {isa = PBXBuildFile; fileRef = DA2D009B1EEFC15E00365F23 /* MOptionReformaCrossingMenu.swift */; };
		DA2D00A41EEFC15E00365F23 /* MOptionReformaCrossingPlayer.swift in Sources */ = {isa = PBXBuildFile; fileRef = DA2D009C1EEFC15E00365F23 /* MOptionReformaCrossingPlayer.swift */; };
		DA2D00A51EEFC15E00365F23 /* MOptionReformaCrossingStop.swift in Sources */ = {isa = PBXBuildFile; fileRef = DA2D009D1EEFC15E00365F23 /* MOptionReformaCrossingStop.swift */; };
		DA2D00A61EEFC15E00365F23 /* MOptionReformaCrossingSceneGame.swift in Sources */ = {isa = PBXBuildFile; fileRef = DA2D009F1EEFC15E00365F23 /* MOptionReformaCrossingSceneGame.swift */; };
		DA2D00A91EEFC17E00365F23 /* MOptionREformaCrossingSceneGameOver.swift in Sources */ = {isa = PBXBuildFile; fileRef = DA2D00A81EEFC17E00365F23 /* MOptionREformaCrossingSceneGameOver.swift */; };
		DA2D00B11EEFD83900365F23 /* MOptionReformaCrossingGameOverProtocol.swift in Sources */ = {isa = PBXBuildFile; fileRef = DA2D00B01EEFD83900365F23 /* MOptionReformaCrossingGameOverProtocol.swift */; };
		DA2D00B31EEFD86B00365F23 /* MOptionReformaCrossingGameOverTimeOut.swift in Sources */ = {isa = PBXBuildFile; fileRef = DA2D00B21EEFD86B00365F23 /* MOptionReformaCrossingGameOverTimeOut.swift */; };
		DA2D00B71EEFF1BF00365F23 /* MOptionReformaCrossing1up.swift in Sources */ = {isa = PBXBuildFile; fileRef = DA2D00B61EEFF1BF00365F23 /* MOptionReformaCrossing1up.swift */; };
		DA2D00BB1EEFF20900365F23 /* MOptionReformaCrossingEnd.swift in Sources */ = {isa = PBXBuildFile; fileRef = DA2D00BA1EEFF20900365F23 /* MOptionReformaCrossingEnd.swift */; };
		DA2DFFD31EECB16A00365F23 /* AppDelegate.swift in Sources */ = {isa = PBXBuildFile; fileRef = DA2DFFA51EECB16A00365F23 /* AppDelegate.swift */; };
		DA2DFFD41EECB16A00365F23 /* Controller.swift in Sources */ = {isa = PBXBuildFile; fileRef = DA2DFFA61EECB16A00365F23 /* Controller.swift */; };
		DA2DFFD51EECB16A00365F23 /* ControllerParent.swift in Sources */ = {isa = PBXBuildFile; fileRef = DA2DFFA71EECB16A00365F23 /* ControllerParent.swift */; };
		DA2DFFD61EECB16A00365F23 /* CHome.swift in Sources */ = {isa = PBXBuildFile; fileRef = DA2DFFA91EECB16A00365F23 /* CHome.swift */; };
		DA2DFFD81EECB16A00365F23 /* LaunchScreen.storyboard in Resources */ = {isa = PBXBuildFile; fileRef = DA2DFFB01EECB16A00365F23 /* LaunchScreen.storyboard */; };
		DA2DFFD91EECB16A00365F23 /* ExtensionDictionary.swift in Sources */ = {isa = PBXBuildFile; fileRef = DA2DFFB31EECB16A00365F23 /* ExtensionDictionary.swift */; };
		DA2DFFDA1EECB16A00365F23 /* ExtensionFileManager.swift in Sources */ = {isa = PBXBuildFile; fileRef = DA2DFFB41EECB16A00365F23 /* ExtensionFileManager.swift */; };
		DA2DFFDB1EECB16A00365F23 /* ExtensionNotification.swift in Sources */ = {isa = PBXBuildFile; fileRef = DA2DFFB51EECB16A00365F23 /* ExtensionNotification.swift */; };
		DA2DFFDC1EECB16A00365F23 /* ExtensionNSLayoutConstraint.swift in Sources */ = {isa = PBXBuildFile; fileRef = DA2DFFB61EECB16A00365F23 /* ExtensionNSLayoutConstraint.swift */; };
		DA2DFFDD1EECB16A00365F23 /* ExtensionNSManagedObject.swift in Sources */ = {isa = PBXBuildFile; fileRef = DA2DFFB71EECB16A00365F23 /* ExtensionNSManagedObject.swift */; };
		DA2DFFDE1EECB16A00365F23 /* ExtensionString.swift in Sources */ = {isa = PBXBuildFile; fileRef = DA2DFFB81EECB16A00365F23 /* ExtensionString.swift */; };
		DA2DFFDF1EECB16A00365F23 /* ExtensionUICollectionReusableView.swift in Sources */ = {isa = PBXBuildFile; fileRef = DA2DFFB91EECB16A00365F23 /* ExtensionUICollectionReusableView.swift */; };
		DA2DFFE01EECB16A00365F23 /* ExtensionUIColor.swift in Sources */ = {isa = PBXBuildFile; fileRef = DA2DFFBA1EECB16A00365F23 /* ExtensionUIColor.swift */; };
		DA2DFFE11EECB16A00365F23 /* ExtensionUIFont.swift in Sources */ = {isa = PBXBuildFile; fileRef = DA2DFFBB1EECB16A00365F23 /* ExtensionUIFont.swift */; };
		DA2DFFE21EECB16A00365F23 /* ExtensionURL.swift in Sources */ = {isa = PBXBuildFile; fileRef = DA2DFFBC1EECB16A00365F23 /* ExtensionURL.swift */; };
		DA2DFFE41EECB16A00365F23 /* ResourceURL.plist in Resources */ = {isa = PBXBuildFile; fileRef = DA2DFFC01EECB16A00365F23 /* ResourceURL.plist */; };
		DA2DFFE51EECB16A00365F23 /* View.swift in Sources */ = {isa = PBXBuildFile; fileRef = DA2DFFC31EECB16A00365F23 /* View.swift */; };
		DA2DFFE61EECB16A00365F23 /* ViewParent.swift in Sources */ = {isa = PBXBuildFile; fileRef = DA2DFFC41EECB16A00365F23 /* ViewParent.swift */; };
		DA2DFFE71EECB16A00365F23 /* VAlert.swift in Sources */ = {isa = PBXBuildFile; fileRef = DA2DFFC61EECB16A00365F23 /* VAlert.swift */; };
		DA2DFFE81EECB16A00365F23 /* VBlur.swift in Sources */ = {isa = PBXBuildFile; fileRef = DA2DFFC71EECB16A00365F23 /* VBlur.swift */; };
		DA2DFFE91EECB16A00365F23 /* VBorder.swift in Sources */ = {isa = PBXBuildFile; fileRef = DA2DFFC81EECB16A00365F23 /* VBorder.swift */; };
		DA2DFFEA1EECB16A00365F23 /* VCollection.swift in Sources */ = {isa = PBXBuildFile; fileRef = DA2DFFC91EECB16A00365F23 /* VCollection.swift */; };
		DA2DFFEB1EECB16A00365F23 /* VCollectionFlow.swift in Sources */ = {isa = PBXBuildFile; fileRef = DA2DFFCA1EECB16A00365F23 /* VCollectionFlow.swift */; };
		DA2DFFEC1EECB16A00365F23 /* VGradient.swift in Sources */ = {isa = PBXBuildFile; fileRef = DA2DFFCB1EECB16A00365F23 /* VGradient.swift */; };
		DA2DFFED1EECB16A00365F23 /* VPushBackground.swift in Sources */ = {isa = PBXBuildFile; fileRef = DA2DFFCC1EECB16A00365F23 /* VPushBackground.swift */; };
		DA2DFFEE1EECB16A00365F23 /* VSlider.swift in Sources */ = {isa = PBXBuildFile; fileRef = DA2DFFCD1EECB16A00365F23 /* VSlider.swift */; };
		DA2DFFEF1EECB16A00365F23 /* VSliderBar.swift in Sources */ = {isa = PBXBuildFile; fileRef = DA2DFFCE1EECB16A00365F23 /* VSliderBar.swift */; };
		DA2DFFF01EECB16A00365F23 /* VSpinner.swift in Sources */ = {isa = PBXBuildFile; fileRef = DA2DFFCF1EECB16A00365F23 /* VSpinner.swift */; };
		DA2DFFF11EECB16A00365F23 /* VToast.swift in Sources */ = {isa = PBXBuildFile; fileRef = DA2DFFD01EECB16A00365F23 /* VToast.swift */; };
		DA2DFFF21EECB16A00365F23 /* VHome.swift in Sources */ = {isa = PBXBuildFile; fileRef = DA2DFFD21EECB16A00365F23 /* VHome.swift */; };
		DA56675F1EF252AE000055D8 /* assetGeneric.xcassets in Resources */ = {isa = PBXBuildFile; fileRef = DA56675E1EF252AE000055D8 /* assetGeneric.xcassets */; };
		DA5667621EF26D24000055D8 /* DMiniMancera.xcdatamodeld in Sources */ = {isa = PBXBuildFile; fileRef = DA5667601EF26D24000055D8 /* DMiniMancera.xcdatamodeld */; };
		DA5667651EF26DFD000055D8 /* DManager.swift in Sources */ = {isa = PBXBuildFile; fileRef = DA5667631EF26DFD000055D8 /* DManager.swift */; };
		DA5667661EF26DFD000055D8 /* DSettingsExtension.swift in Sources */ = {isa = PBXBuildFile; fileRef = DA5667641EF26DFD000055D8 /* DSettingsExtension.swift */; };
		DA56676A1EF27427000055D8 /* MSession.swift in Sources */ = {isa = PBXBuildFile; fileRef = DA5667681EF27427000055D8 /* MSession.swift */; };
		DA56676C1EF27446000055D8 /* MGameProtocol.swift in Sources */ = {isa = PBXBuildFile; fileRef = DA56676B1EF27446000055D8 /* MGameProtocol.swift */; };
		DA56676E1EF27475000055D8 /* MGameFreeProtocol.swift in Sources */ = {isa = PBXBuildFile; fileRef = DA56676D1EF27475000055D8 /* MGameFreeProtocol.swift */; };
		DA5667701EF27482000055D8 /* MGamePurchaseProtocol.swift in Sources */ = {isa = PBXBuildFile; fileRef = DA56676F1EF27482000055D8 /* MGamePurchaseProtocol.swift */; };
		DA5667721EF2748F000055D8 /* MGameFactory.swift in Sources */ = {isa = PBXBuildFile; fileRef = DA5667711EF2748F000055D8 /* MGameFactory.swift */; };
		DA5667741EF27502000055D8 /* MGameReformaCrossing.swift in Sources */ = {isa = PBXBuildFile; fileRef = DA5667731EF27502000055D8 /* MGameReformaCrossing.swift */; };
		DA5667761EF27571000055D8 /* MGamePollutedGarden.swift in Sources */ = {isa = PBXBuildFile; fileRef = DA5667751EF27571000055D8 /* MGamePollutedGarden.swift */; };
		DA5667811EF276CD000055D8 /* MHome.swift in Sources */ = {isa = PBXBuildFile; fileRef = DA5667781EF276CD000055D8 /* MHome.swift */; };
		DA5667821EF276CD000055D8 /* MHomeFooterProtocol.swift in Sources */ = {isa = PBXBuildFile; fileRef = DA5667791EF276CD000055D8 /* MHomeFooterProtocol.swift */; };
		DA5667831EF276CD000055D8 /* MHomeOptionsProtocol.swift in Sources */ = {isa = PBXBuildFile; fileRef = DA56677A1EF276CD000055D8 /* MHomeOptionsProtocol.swift */; };
		DA5667841EF276CD000055D8 /* MHomeFooterBoards.swift in Sources */ = {isa = PBXBuildFile; fileRef = DA56677C1EF276CD000055D8 /* MHomeFooterBoards.swift */; };
		DA5667851EF276CD000055D8 /* MHomeFooterSettings.swift in Sources */ = {isa = PBXBuildFile; fileRef = DA56677D1EF276CD000055D8 /* MHomeFooterSettings.swift */; };
		DA5667861EF276CD000055D8 /* MHomeFooterStore.swift in Sources */ = {isa = PBXBuildFile; fileRef = DA56677E1EF276CD000055D8 /* MHomeFooterStore.swift */; };
		DA56678E1EF2772A000055D8 /* MHomeOptionsReformaCrossing.swift in Sources */ = {isa = PBXBuildFile; fileRef = DA56678C1EF2772A000055D8 /* MHomeOptionsReformaCrossing.swift */; };
		DA5667901EF2773B000055D8 /* MHomeOptionsPollutedGarden.swift in Sources */ = {isa = PBXBuildFile; fileRef = DA56678F1EF2773B000055D8 /* MHomeOptionsPollutedGarden.swift */; };
		DA5667921EF27A21000055D8 /* MSessionSettings.swift in Sources */ = {isa = PBXBuildFile; fileRef = DA5667911EF27A21000055D8 /* MSessionSettings.swift */; };
/* End PBXBuildFile section */

/* Begin PBXFileReference section */
		DA11DE3C1EF089810043749D /* MOptionReformaCrossingCoin.swift */ = {isa = PBXFileReference; fileEncoding = 4; lastKnownFileType = sourcecode.swift; path = MOptionReformaCrossingCoin.swift; sourceTree = "<group>"; };
		DA11DE3E1EF0F8D00043749D /* MOptionReformaCrossingGameOverHitAndRun.swift */ = {isa = PBXFileReference; fileEncoding = 4; lastKnownFileType = sourcecode.swift; path = MOptionReformaCrossingGameOverHitAndRun.swift; sourceTree = "<group>"; };
		DA11DE461EF10A480043749D /* MOptionReformaCrossingFoeFactory.swift */ = {isa = PBXFileReference; fileEncoding = 4; lastKnownFileType = sourcecode.swift; path = MOptionReformaCrossingFoeFactory.swift; sourceTree = "<group>"; };
		DA11DE481EF111790043749D /* MOptionReformaCrossingFoeRuta2.swift */ = {isa = PBXFileReference; fileEncoding = 4; lastKnownFileType = sourcecode.swift; path = MOptionReformaCrossingFoeRuta2.swift; sourceTree = "<group>"; };
		DA11DE4A1EF11E2F0043749D /* MOptionReformaCrossingFoeMetrobus.swift */ = {isa = PBXFileReference; fileEncoding = 4; lastKnownFileType = sourcecode.swift; path = MOptionReformaCrossingFoeMetrobus.swift; sourceTree = "<group>"; };
		DA11DE4C1EF12B9E0043749D /* MOptionReformaCrossingFoePolice.swift */ = {isa = PBXFileReference; fileEncoding = 4; lastKnownFileType = sourcecode.swift; path = MOptionReformaCrossingFoePolice.swift; sourceTree = "<group>"; };
		DA11DE4E1EF141F10043749D /* MOptionReformaCrossingFoeTamales.swift */ = {isa = PBXFileReference; fileEncoding = 4; lastKnownFileType = sourcecode.swift; path = MOptionReformaCrossingFoeTamales.swift; sourceTree = "<group>"; };
		DA11DE501EF14A3A0043749D /* MOptionReformaCrossingFoeTaxiPink.swift */ = {isa = PBXFileReference; fileEncoding = 4; lastKnownFileType = sourcecode.swift; path = MOptionReformaCrossingFoeTaxiPink.swift; sourceTree = "<group>"; };
		DA11DE521EF1A7950043749D /* MOptionReformaCrossingFoeFierroViejo.swift */ = {isa = PBXFileReference; fileEncoding = 4; lastKnownFileType = sourcecode.swift; path = MOptionReformaCrossingFoeFierroViejo.swift; sourceTree = "<group>"; };
		DA11DE541EF1AF430043749D /* MOptionReformaCrossingFoeLordAudi.swift */ = {isa = PBXFileReference; fileEncoding = 4; lastKnownFileType = sourcecode.swift; path = MOptionReformaCrossingFoeLordAudi.swift; sourceTree = "<group>"; };
		DA1D57821EF1CE5D00ECA895 /* MOptionReformaCrossingFoeCyclerFemale.swift */ = {isa = PBXFileReference; fileEncoding = 4; lastKnownFileType = sourcecode.swift; path = MOptionReformaCrossingFoeCyclerFemale.swift; sourceTree = "<group>"; };
		DA1D578B1EF1EEE100ECA895 /* soundReformaCrossing.caf */ = {isa = PBXFileReference; lastKnownFileType = file; path = soundReformaCrossing.caf; sourceTree = "<group>"; };
		DA1D578D1EF207B700ECA895 /* soundCarHorn.caf */ = {isa = PBXFileReference; lastKnownFileType = file; path = soundCarHorn.caf; sourceTree = "<group>"; };
		DA1D578E1EF207B700ECA895 /* soundCoin.caf */ = {isa = PBXFileReference; lastKnownFileType = file; path = soundCoin.caf; sourceTree = "<group>"; };
		DA1D578F1EF207B700ECA895 /* soundFail.caf */ = {isa = PBXFileReference; lastKnownFileType = file; path = soundFail.caf; sourceTree = "<group>"; };
		DA1D57901EF207B700ECA895 /* sound1up.caf */ = {isa = PBXFileReference; lastKnownFileType = file; path = sound1up.caf; sourceTree = "<group>"; };
		DA1D57911EF207B700ECA895 /* soundVictory.caf */ = {isa = PBXFileReference; lastKnownFileType = file; path = soundVictory.caf; sourceTree = "<group>"; };
		DA1D57971EF235D600ECA895 /* ControllerParentGame.swift */ = {isa = PBXFileReference; fileEncoding = 4; lastKnownFileType = sourcecode.swift; path = ControllerParentGame.swift; sourceTree = "<group>"; };
		DA1D57991EF238D300ECA895 /* ControllerParentTransitions.swift */ = {isa = PBXFileReference; fileEncoding = 4; lastKnownFileType = sourcecode.swift; path = ControllerParentTransitions.swift; sourceTree = "<group>"; };
		DA1D579B1EF245C800ECA895 /* VHomeFooterCell.swift */ = {isa = PBXFileReference; fileEncoding = 4; lastKnownFileType = sourcecode.swift; path = VHomeFooterCell.swift; sourceTree = "<group>"; };
		DA2D00171EECB4C600365F23 /* VHomeHeader.swift */ = {isa = PBXFileReference; fileEncoding = 4; lastKnownFileType = sourcecode.swift; path = VHomeHeader.swift; sourceTree = "<group>"; };
		DA2D00191EECB4CF00365F23 /* VHomeFooter.swift */ = {isa = PBXFileReference; fileEncoding = 4; lastKnownFileType = sourcecode.swift; path = VHomeFooter.swift; sourceTree = "<group>"; };
		DA2D001B1EECB4DF00365F23 /* VHomeOptions.swift */ = {isa = PBXFileReference; fileEncoding = 4; lastKnownFileType = sourcecode.swift; path = VHomeOptions.swift; sourceTree = "<group>"; };
		DA2D001F1EECB68F00365F23 /* VHomeOptionsCell.swift */ = {isa = PBXFileReference; fileEncoding = 4; lastKnownFileType = sourcecode.swift; path = VHomeOptionsCell.swift; sourceTree = "<group>"; };
		DA2D00281EECB9D500365F23 /* es */ = {isa = PBXFileReference; lastKnownFileType = text.plist.strings; name = es; path = es.lproj/Localizable.strings; sourceTree = "<group>"; };
		DA2D002A1EECC6CE00365F23 /* ControllerGame.swift */ = {isa = PBXFileReference; fileEncoding = 4; lastKnownFileType = sourcecode.swift; path = ControllerGame.swift; sourceTree = "<group>"; };
		DA2D002E1EECC88F00365F23 /* COptionReformaCrossing.swift */ = {isa = PBXFileReference; fileEncoding = 4; lastKnownFileType = sourcecode.swift; path = COptionReformaCrossing.swift; sourceTree = "<group>"; };
		DA2D00331EECCA1000365F23 /* MOptionProtocol.swift */ = {isa = PBXFileReference; fileEncoding = 4; lastKnownFileType = sourcecode.swift; path = MOptionProtocol.swift; sourceTree = "<group>"; };
		DA2D003D1EED2F0000365F23 /* assetSprites.xcassets */ = {isa = PBXFileReference; lastKnownFileType = folder.assetcatalog; path = assetSprites.xcassets; sourceTree = "<group>"; };
		DA2D005E1EEDE38600365F23 /* MOptionReformaCrossing.swift */ = {isa = PBXFileReference; fileEncoding = 4; lastKnownFileType = sourcecode.swift; path = MOptionReformaCrossing.swift; sourceTree = "<group>"; };
		DA2D00641EEDE38600365F23 /* MOptionReformaCrossingFoe.swift */ = {isa = PBXFileReference; fileEncoding = 4; lastKnownFileType = sourcecode.swift; path = MOptionReformaCrossingFoe.swift; sourceTree = "<group>"; };
		DA2D00661EEDE38600365F23 /* MOptionReformaCrossingLaneA.swift */ = {isa = PBXFileReference; fileEncoding = 4; lastKnownFileType = sourcecode.swift; path = MOptionReformaCrossingLaneA.swift; sourceTree = "<group>"; };
		DA2D00671EEDE38600365F23 /* MOptionReformaCrossingLaneB.swift */ = {isa = PBXFileReference; fileEncoding = 4; lastKnownFileType = sourcecode.swift; path = MOptionReformaCrossingLaneB.swift; sourceTree = "<group>"; };
		DA2D00681EEDE38600365F23 /* MOptionReformaCrossingLaneC.swift */ = {isa = PBXFileReference; fileEncoding = 4; lastKnownFileType = sourcecode.swift; path = MOptionReformaCrossingLaneC.swift; sourceTree = "<group>"; };
		DA2D00691EEDE38600365F23 /* MOptionReformaCrossingLaneD.swift */ = {isa = PBXFileReference; fileEncoding = 4; lastKnownFileType = sourcecode.swift; path = MOptionReformaCrossingLaneD.swift; sourceTree = "<group>"; };
		DA2D006A1EEDE38600365F23 /* MOptionReformaCrossingLaneE.swift */ = {isa = PBXFileReference; fileEncoding = 4; lastKnownFileType = sourcecode.swift; path = MOptionReformaCrossingLaneE.swift; sourceTree = "<group>"; };
		DA2D006B1EEDE38600365F23 /* MOptionReformaCrossingLaneF.swift */ = {isa = PBXFileReference; fileEncoding = 4; lastKnownFileType = sourcecode.swift; path = MOptionReformaCrossingLaneF.swift; sourceTree = "<group>"; };
		DA2D006C1EEDE38600365F23 /* MOptionReformaCrossingLaneG.swift */ = {isa = PBXFileReference; fileEncoding = 4; lastKnownFileType = sourcecode.swift; path = MOptionReformaCrossingLaneG.swift; sourceTree = "<group>"; };
		DA2D006D1EEDE38600365F23 /* MOptionReformaCrossingLaneH.swift */ = {isa = PBXFileReference; fileEncoding = 4; lastKnownFileType = sourcecode.swift; path = MOptionReformaCrossingLaneH.swift; sourceTree = "<group>"; };
		DA2D006E1EEDE38600365F23 /* MOptionReformaCrossingLaneLeft.swift */ = {isa = PBXFileReference; fileEncoding = 4; lastKnownFileType = sourcecode.swift; path = MOptionReformaCrossingLaneLeft.swift; sourceTree = "<group>"; };
		DA2D006F1EEDE38600365F23 /* MOptionReformaCrossingLaneProtocol.swift */ = {isa = PBXFileReference; fileEncoding = 4; lastKnownFileType = sourcecode.swift; path = MOptionReformaCrossingLaneProtocol.swift; sourceTree = "<group>"; };
		DA2D00701EEDE38600365F23 /* MOptionReformaCrossingLaneRight.swift */ = {isa = PBXFileReference; fileEncoding = 4; lastKnownFileType = sourcecode.swift; path = MOptionReformaCrossingLaneRight.swift; sourceTree = "<group>"; };
		DA2D00821EEDE39D00365F23 /* MOptionReformaCrossingLane.swift */ = {isa = PBXFileReference; fileEncoding = 4; lastKnownFileType = sourcecode.swift; path = MOptionReformaCrossingLane.swift; sourceTree = "<group>"; };
		DA2D00841EEDF49700365F23 /* MOptionReformaCrossingFoeProtocol.swift */ = {isa = PBXFileReference; fileEncoding = 4; lastKnownFileType = sourcecode.swift; path = MOptionReformaCrossingFoeProtocol.swift; sourceTree = "<group>"; };
		DA2D00861EEDF4E200365F23 /* MOptionReformaCrossingFoeVW.swift */ = {isa = PBXFileReference; fileEncoding = 4; lastKnownFileType = sourcecode.swift; path = MOptionReformaCrossingFoeVW.swift; sourceTree = "<group>"; };
		DA2D008C1EEE04E300365F23 /* MOptionReformaCrossingPhysicsStruct.swift */ = {isa = PBXFileReference; fileEncoding = 4; lastKnownFileType = sourcecode.swift; path = MOptionReformaCrossingPhysicsStruct.swift; sourceTree = "<group>"; };
		DA2D008E1EEE6D6F00365F23 /* MOptionReformaCrossingLaneGroup.swift */ = {isa = PBXFileReference; fileEncoding = 4; lastKnownFileType = sourcecode.swift; path = MOptionReformaCrossingLaneGroup.swift; sourceTree = "<group>"; };
		DA2D00991EEFC15E00365F23 /* MOptionReformaCrossingBackground.swift */ = {isa = PBXFileReference; fileEncoding = 4; lastKnownFileType = sourcecode.swift; path = MOptionReformaCrossingBackground.swift; sourceTree = "<group>"; };
		DA2D009A1EEFC15E00365F23 /* MOptionReformaCrossingHud.swift */ = {isa = PBXFileReference; fileEncoding = 4; lastKnownFileType = sourcecode.swift; path = MOptionReformaCrossingHud.swift; sourceTree = "<group>"; };
		DA2D009B1EEFC15E00365F23 /* MOptionReformaCrossingMenu.swift */ = {isa = PBXFileReference; fileEncoding = 4; lastKnownFileType = sourcecode.swift; path = MOptionReformaCrossingMenu.swift; sourceTree = "<group>"; };
		DA2D009C1EEFC15E00365F23 /* MOptionReformaCrossingPlayer.swift */ = {isa = PBXFileReference; fileEncoding = 4; lastKnownFileType = sourcecode.swift; path = MOptionReformaCrossingPlayer.swift; sourceTree = "<group>"; };
		DA2D009D1EEFC15E00365F23 /* MOptionReformaCrossingStop.swift */ = {isa = PBXFileReference; fileEncoding = 4; lastKnownFileType = sourcecode.swift; path = MOptionReformaCrossingStop.swift; sourceTree = "<group>"; };
		DA2D009F1EEFC15E00365F23 /* MOptionReformaCrossingSceneGame.swift */ = {isa = PBXFileReference; fileEncoding = 4; lastKnownFileType = sourcecode.swift; path = MOptionReformaCrossingSceneGame.swift; sourceTree = "<group>"; };
		DA2D00A81EEFC17E00365F23 /* MOptionREformaCrossingSceneGameOver.swift */ = {isa = PBXFileReference; fileEncoding = 4; lastKnownFileType = sourcecode.swift; path = MOptionREformaCrossingSceneGameOver.swift; sourceTree = "<group>"; };
		DA2D00B01EEFD83900365F23 /* MOptionReformaCrossingGameOverProtocol.swift */ = {isa = PBXFileReference; fileEncoding = 4; lastKnownFileType = sourcecode.swift; path = MOptionReformaCrossingGameOverProtocol.swift; sourceTree = "<group>"; };
		DA2D00B21EEFD86B00365F23 /* MOptionReformaCrossingGameOverTimeOut.swift */ = {isa = PBXFileReference; fileEncoding = 4; lastKnownFileType = sourcecode.swift; path = MOptionReformaCrossingGameOverTimeOut.swift; sourceTree = "<group>"; };
		DA2D00B61EEFF1BF00365F23 /* MOptionReformaCrossing1up.swift */ = {isa = PBXFileReference; fileEncoding = 4; lastKnownFileType = sourcecode.swift; path = MOptionReformaCrossing1up.swift; sourceTree = "<group>"; };
		DA2D00BA1EEFF20900365F23 /* MOptionReformaCrossingEnd.swift */ = {isa = PBXFileReference; fileEncoding = 4; lastKnownFileType = sourcecode.swift; path = MOptionReformaCrossingEnd.swift; sourceTree = "<group>"; };
		DA2DFFA51EECB16A00365F23 /* AppDelegate.swift */ = {isa = PBXFileReference; fileEncoding = 4; lastKnownFileType = sourcecode.swift; path = AppDelegate.swift; sourceTree = "<group>"; };
		DA2DFFA61EECB16A00365F23 /* Controller.swift */ = {isa = PBXFileReference; fileEncoding = 4; lastKnownFileType = sourcecode.swift; path = Controller.swift; sourceTree = "<group>"; };
		DA2DFFA71EECB16A00365F23 /* ControllerParent.swift */ = {isa = PBXFileReference; fileEncoding = 4; lastKnownFileType = sourcecode.swift; path = ControllerParent.swift; sourceTree = "<group>"; };
		DA2DFFA91EECB16A00365F23 /* CHome.swift */ = {isa = PBXFileReference; fileEncoding = 4; lastKnownFileType = sourcecode.swift; path = CHome.swift; sourceTree = "<group>"; };
		DA2DFFB01EECB16A00365F23 /* LaunchScreen.storyboard */ = {isa = PBXFileReference; fileEncoding = 4; lastKnownFileType = file.storyboard; path = LaunchScreen.storyboard; sourceTree = "<group>"; };
		DA2DFFB31EECB16A00365F23 /* ExtensionDictionary.swift */ = {isa = PBXFileReference; fileEncoding = 4; lastKnownFileType = sourcecode.swift; path = ExtensionDictionary.swift; sourceTree = "<group>"; };
		DA2DFFB41EECB16A00365F23 /* ExtensionFileManager.swift */ = {isa = PBXFileReference; fileEncoding = 4; lastKnownFileType = sourcecode.swift; path = ExtensionFileManager.swift; sourceTree = "<group>"; };
		DA2DFFB51EECB16A00365F23 /* ExtensionNotification.swift */ = {isa = PBXFileReference; fileEncoding = 4; lastKnownFileType = sourcecode.swift; path = ExtensionNotification.swift; sourceTree = "<group>"; };
		DA2DFFB61EECB16A00365F23 /* ExtensionNSLayoutConstraint.swift */ = {isa = PBXFileReference; fileEncoding = 4; lastKnownFileType = sourcecode.swift; path = ExtensionNSLayoutConstraint.swift; sourceTree = "<group>"; };
		DA2DFFB71EECB16A00365F23 /* ExtensionNSManagedObject.swift */ = {isa = PBXFileReference; fileEncoding = 4; lastKnownFileType = sourcecode.swift; path = ExtensionNSManagedObject.swift; sourceTree = "<group>"; };
		DA2DFFB81EECB16A00365F23 /* ExtensionString.swift */ = {isa = PBXFileReference; fileEncoding = 4; lastKnownFileType = sourcecode.swift; path = ExtensionString.swift; sourceTree = "<group>"; };
		DA2DFFB91EECB16A00365F23 /* ExtensionUICollectionReusableView.swift */ = {isa = PBXFileReference; fileEncoding = 4; lastKnownFileType = sourcecode.swift; path = ExtensionUICollectionReusableView.swift; sourceTree = "<group>"; };
		DA2DFFBA1EECB16A00365F23 /* ExtensionUIColor.swift */ = {isa = PBXFileReference; fileEncoding = 4; lastKnownFileType = sourcecode.swift; path = ExtensionUIColor.swift; sourceTree = "<group>"; };
		DA2DFFBB1EECB16A00365F23 /* ExtensionUIFont.swift */ = {isa = PBXFileReference; fileEncoding = 4; lastKnownFileType = sourcecode.swift; path = ExtensionUIFont.swift; sourceTree = "<group>"; };
		DA2DFFBC1EECB16A00365F23 /* ExtensionURL.swift */ = {isa = PBXFileReference; fileEncoding = 4; lastKnownFileType = sourcecode.swift; path = ExtensionURL.swift; sourceTree = "<group>"; };
		DA2DFFC01EECB16A00365F23 /* ResourceURL.plist */ = {isa = PBXFileReference; fileEncoding = 4; lastKnownFileType = text.plist.xml; path = ResourceURL.plist; sourceTree = "<group>"; };
		DA2DFFC31EECB16A00365F23 /* View.swift */ = {isa = PBXFileReference; fileEncoding = 4; lastKnownFileType = sourcecode.swift; path = View.swift; sourceTree = "<group>"; };
		DA2DFFC41EECB16A00365F23 /* ViewParent.swift */ = {isa = PBXFileReference; fileEncoding = 4; lastKnownFileType = sourcecode.swift; path = ViewParent.swift; sourceTree = "<group>"; };
		DA2DFFC61EECB16A00365F23 /* VAlert.swift */ = {isa = PBXFileReference; fileEncoding = 4; lastKnownFileType = sourcecode.swift; path = VAlert.swift; sourceTree = "<group>"; };
		DA2DFFC71EECB16A00365F23 /* VBlur.swift */ = {isa = PBXFileReference; fileEncoding = 4; lastKnownFileType = sourcecode.swift; path = VBlur.swift; sourceTree = "<group>"; };
		DA2DFFC81EECB16A00365F23 /* VBorder.swift */ = {isa = PBXFileReference; fileEncoding = 4; lastKnownFileType = sourcecode.swift; path = VBorder.swift; sourceTree = "<group>"; };
		DA2DFFC91EECB16A00365F23 /* VCollection.swift */ = {isa = PBXFileReference; fileEncoding = 4; lastKnownFileType = sourcecode.swift; path = VCollection.swift; sourceTree = "<group>"; };
		DA2DFFCA1EECB16A00365F23 /* VCollectionFlow.swift */ = {isa = PBXFileReference; fileEncoding = 4; lastKnownFileType = sourcecode.swift; path = VCollectionFlow.swift; sourceTree = "<group>"; };
		DA2DFFCB1EECB16A00365F23 /* VGradient.swift */ = {isa = PBXFileReference; fileEncoding = 4; lastKnownFileType = sourcecode.swift; path = VGradient.swift; sourceTree = "<group>"; };
		DA2DFFCC1EECB16A00365F23 /* VPushBackground.swift */ = {isa = PBXFileReference; fileEncoding = 4; lastKnownFileType = sourcecode.swift; path = VPushBackground.swift; sourceTree = "<group>"; };
		DA2DFFCD1EECB16A00365F23 /* VSlider.swift */ = {isa = PBXFileReference; fileEncoding = 4; lastKnownFileType = sourcecode.swift; path = VSlider.swift; sourceTree = "<group>"; };
		DA2DFFCE1EECB16A00365F23 /* VSliderBar.swift */ = {isa = PBXFileReference; fileEncoding = 4; lastKnownFileType = sourcecode.swift; path = VSliderBar.swift; sourceTree = "<group>"; };
		DA2DFFCF1EECB16A00365F23 /* VSpinner.swift */ = {isa = PBXFileReference; fileEncoding = 4; lastKnownFileType = sourcecode.swift; path = VSpinner.swift; sourceTree = "<group>"; };
		DA2DFFD01EECB16A00365F23 /* VToast.swift */ = {isa = PBXFileReference; fileEncoding = 4; lastKnownFileType = sourcecode.swift; path = VToast.swift; sourceTree = "<group>"; };
		DA2DFFD21EECB16A00365F23 /* VHome.swift */ = {isa = PBXFileReference; fileEncoding = 4; lastKnownFileType = sourcecode.swift; path = VHome.swift; sourceTree = "<group>"; };
		DA56675E1EF252AE000055D8 /* assetGeneric.xcassets */ = {isa = PBXFileReference; lastKnownFileType = folder.assetcatalog; path = assetGeneric.xcassets; sourceTree = "<group>"; };
		DA5667611EF26D24000055D8 /* DMiniMancera.xcdatamodel */ = {isa = PBXFileReference; lastKnownFileType = wrapper.xcdatamodel; path = DMiniMancera.xcdatamodel; sourceTree = "<group>"; };
		DA5667631EF26DFD000055D8 /* DManager.swift */ = {isa = PBXFileReference; fileEncoding = 4; lastKnownFileType = sourcecode.swift; path = DManager.swift; sourceTree = "<group>"; };
		DA5667641EF26DFD000055D8 /* DSettingsExtension.swift */ = {isa = PBXFileReference; fileEncoding = 4; lastKnownFileType = sourcecode.swift; path = DSettingsExtension.swift; sourceTree = "<group>"; };
		DA5667681EF27427000055D8 /* MSession.swift */ = {isa = PBXFileReference; fileEncoding = 4; lastKnownFileType = sourcecode.swift; path = MSession.swift; sourceTree = "<group>"; };
		DA56676B1EF27446000055D8 /* MGameProtocol.swift */ = {isa = PBXFileReference; fileEncoding = 4; lastKnownFileType = sourcecode.swift; path = MGameProtocol.swift; sourceTree = "<group>"; };
		DA56676D1EF27475000055D8 /* MGameFreeProtocol.swift */ = {isa = PBXFileReference; fileEncoding = 4; lastKnownFileType = sourcecode.swift; path = MGameFreeProtocol.swift; sourceTree = "<group>"; };
		DA56676F1EF27482000055D8 /* MGamePurchaseProtocol.swift */ = {isa = PBXFileReference; fileEncoding = 4; lastKnownFileType = sourcecode.swift; path = MGamePurchaseProtocol.swift; sourceTree = "<group>"; };
		DA5667711EF2748F000055D8 /* MGameFactory.swift */ = {isa = PBXFileReference; fileEncoding = 4; lastKnownFileType = sourcecode.swift; path = MGameFactory.swift; sourceTree = "<group>"; };
		DA5667731EF27502000055D8 /* MGameReformaCrossing.swift */ = {isa = PBXFileReference; fileEncoding = 4; lastKnownFileType = sourcecode.swift; path = MGameReformaCrossing.swift; sourceTree = "<group>"; };
		DA5667751EF27571000055D8 /* MGamePollutedGarden.swift */ = {isa = PBXFileReference; fileEncoding = 4; lastKnownFileType = sourcecode.swift; path = MGamePollutedGarden.swift; sourceTree = "<group>"; };
		DA5667781EF276CD000055D8 /* MHome.swift */ = {isa = PBXFileReference; fileEncoding = 4; lastKnownFileType = sourcecode.swift; path = MHome.swift; sourceTree = "<group>"; };
		DA5667791EF276CD000055D8 /* MHomeFooterProtocol.swift */ = {isa = PBXFileReference; fileEncoding = 4; lastKnownFileType = sourcecode.swift; path = MHomeFooterProtocol.swift; sourceTree = "<group>"; };
		DA56677A1EF276CD000055D8 /* MHomeOptionsProtocol.swift */ = {isa = PBXFileReference; fileEncoding = 4; lastKnownFileType = sourcecode.swift; path = MHomeOptionsProtocol.swift; sourceTree = "<group>"; };
		DA56677C1EF276CD000055D8 /* MHomeFooterBoards.swift */ = {isa = PBXFileReference; fileEncoding = 4; lastKnownFileType = sourcecode.swift; path = MHomeFooterBoards.swift; sourceTree = "<group>"; };
		DA56677D1EF276CD000055D8 /* MHomeFooterSettings.swift */ = {isa = PBXFileReference; fileEncoding = 4; lastKnownFileType = sourcecode.swift; path = MHomeFooterSettings.swift; sourceTree = "<group>"; };
		DA56677E1EF276CD000055D8 /* MHomeFooterStore.swift */ = {isa = PBXFileReference; fileEncoding = 4; lastKnownFileType = sourcecode.swift; path = MHomeFooterStore.swift; sourceTree = "<group>"; };
		DA56678C1EF2772A000055D8 /* MHomeOptionsReformaCrossing.swift */ = {isa = PBXFileReference; fileEncoding = 4; lastKnownFileType = sourcecode.swift; path = MHomeOptionsReformaCrossing.swift; sourceTree = "<group>"; };
		DA56678F1EF2773B000055D8 /* MHomeOptionsPollutedGarden.swift */ = {isa = PBXFileReference; fileEncoding = 4; lastKnownFileType = sourcecode.swift; path = MHomeOptionsPollutedGarden.swift; sourceTree = "<group>"; };
		DA5667911EF27A21000055D8 /* MSessionSettings.swift */ = {isa = PBXFileReference; fileEncoding = 4; lastKnownFileType = sourcecode.swift; path = MSessionSettings.swift; sourceTree = "<group>"; };
		DAFB5F771EECAC74006A3B99 /* miniMancera.app */ = {isa = PBXFileReference; explicitFileType = wrapper.application; includeInIndex = 0; path = miniMancera.app; sourceTree = BUILT_PRODUCTS_DIR; };
		DAFB5F861EECAC74006A3B99 /* Info.plist */ = {isa = PBXFileReference; lastKnownFileType = text.plist.xml; path = Info.plist; sourceTree = "<group>"; };
/* End PBXFileReference section */

/* Begin PBXFrameworksBuildPhase section */
		DAFB5F741EECAC74006A3B99 /* Frameworks */ = {
			isa = PBXFrameworksBuildPhase;
			buildActionMask = 2147483647;
			files = (
			);
			runOnlyForDeploymentPostprocessing = 0;
		};
/* End PBXFrameworksBuildPhase section */

/* Begin PBXGroup section */
		DA1D57841EF1E73F00ECA895 /* sounds */ = {
			isa = PBXGroup;
			children = (
				DA1D578D1EF207B700ECA895 /* soundCarHorn.caf */,
				DA1D578E1EF207B700ECA895 /* soundCoin.caf */,
				DA1D578F1EF207B700ECA895 /* soundFail.caf */,
				DA1D57901EF207B700ECA895 /* sound1up.caf */,
				DA1D57911EF207B700ECA895 /* soundVictory.caf */,
				DA1D578B1EF1EEE100ECA895 /* soundReformaCrossing.caf */,
			);
			path = sounds;
			sourceTree = "<group>";
		};
		DA2D002D1EECC87700365F23 /* Option */ = {
			isa = PBXGroup;
			children = (
				DA2D002E1EECC88F00365F23 /* COptionReformaCrossing.swift */,
			);
			path = Option;
			sourceTree = "<group>";
		};
		DA2D00301EECC9F000365F23 /* Option */ = {
			isa = PBXGroup;
			children = (
				DA2D00311EECC9F000365F23 /* Abstract */,
				DA2D00321EECC9F000365F23 /* ReformaCrossing */,
			);
			path = Option;
			sourceTree = "<group>";
		};
		DA2D00311EECC9F000365F23 /* Abstract */ = {
			isa = PBXGroup;
			children = (
				DA2D00331EECCA1000365F23 /* MOptionProtocol.swift */,
			);
			path = Abstract;
			sourceTree = "<group>";
		};
		DA2D00321EECC9F000365F23 /* ReformaCrossing */ = {
			isa = PBXGroup;
			children = (
				DA2D005D1EEDE38600365F23 /* Abstract */,
				DA2D00AF1EEFD82800365F23 /* GameOver */,
				DA2D00981EEFC15E00365F23 /* Node */,
				DA2D009E1EEFC15E00365F23 /* Scene */,
				DA2D00631EEDE38600365F23 /* Foe */,
				DA2D00651EEDE38600365F23 /* Lane */,
			);
			path = ReformaCrossing;
			sourceTree = "<group>";
		};
		DA2D005D1EEDE38600365F23 /* Abstract */ = {
			isa = PBXGroup;
			children = (
				DA2D005E1EEDE38600365F23 /* MOptionReformaCrossing.swift */,
				DA2D008C1EEE04E300365F23 /* MOptionReformaCrossingPhysicsStruct.swift */,
			);
			path = Abstract;
			sourceTree = "<group>";
		};
		DA2D00631EEDE38600365F23 /* Foe */ = {
			isa = PBXGroup;
			children = (
				DA11DE461EF10A480043749D /* MOptionReformaCrossingFoeFactory.swift */,
				DA2D00641EEDE38600365F23 /* MOptionReformaCrossingFoe.swift */,
				DA2D00841EEDF49700365F23 /* MOptionReformaCrossingFoeProtocol.swift */,
				DA2D00861EEDF4E200365F23 /* MOptionReformaCrossingFoeVW.swift */,
				DA11DE481EF111790043749D /* MOptionReformaCrossingFoeRuta2.swift */,
				DA11DE4A1EF11E2F0043749D /* MOptionReformaCrossingFoeMetrobus.swift */,
				DA11DE4C1EF12B9E0043749D /* MOptionReformaCrossingFoePolice.swift */,
				DA11DE4E1EF141F10043749D /* MOptionReformaCrossingFoeTamales.swift */,
				DA11DE501EF14A3A0043749D /* MOptionReformaCrossingFoeTaxiPink.swift */,
				DA11DE521EF1A7950043749D /* MOptionReformaCrossingFoeFierroViejo.swift */,
				DA11DE541EF1AF430043749D /* MOptionReformaCrossingFoeLordAudi.swift */,
				DA1D57821EF1CE5D00ECA895 /* MOptionReformaCrossingFoeCyclerFemale.swift */,
			);
			path = Foe;
			sourceTree = "<group>";
		};
		DA2D00651EEDE38600365F23 /* Lane */ = {
			isa = PBXGroup;
			children = (
				DA2D008E1EEE6D6F00365F23 /* MOptionReformaCrossingLaneGroup.swift */,
				DA2D00821EEDE39D00365F23 /* MOptionReformaCrossingLane.swift */,
				DA2D00661EEDE38600365F23 /* MOptionReformaCrossingLaneA.swift */,
				DA2D00671EEDE38600365F23 /* MOptionReformaCrossingLaneB.swift */,
				DA2D00681EEDE38600365F23 /* MOptionReformaCrossingLaneC.swift */,
				DA2D00691EEDE38600365F23 /* MOptionReformaCrossingLaneD.swift */,
				DA2D006A1EEDE38600365F23 /* MOptionReformaCrossingLaneE.swift */,
				DA2D006B1EEDE38600365F23 /* MOptionReformaCrossingLaneF.swift */,
				DA2D006C1EEDE38600365F23 /* MOptionReformaCrossingLaneG.swift */,
				DA2D006D1EEDE38600365F23 /* MOptionReformaCrossingLaneH.swift */,
				DA2D006F1EEDE38600365F23 /* MOptionReformaCrossingLaneProtocol.swift */,
				DA2D006E1EEDE38600365F23 /* MOptionReformaCrossingLaneLeft.swift */,
				DA2D00701EEDE38600365F23 /* MOptionReformaCrossingLaneRight.swift */,
			);
			path = Lane;
			sourceTree = "<group>";
		};
		DA2D00981EEFC15E00365F23 /* Node */ = {
			isa = PBXGroup;
			children = (
				DA2D00991EEFC15E00365F23 /* MOptionReformaCrossingBackground.swift */,
				DA2D009A1EEFC15E00365F23 /* MOptionReformaCrossingHud.swift */,
				DA2D009B1EEFC15E00365F23 /* MOptionReformaCrossingMenu.swift */,
				DA2D009C1EEFC15E00365F23 /* MOptionReformaCrossingPlayer.swift */,
				DA2D009D1EEFC15E00365F23 /* MOptionReformaCrossingStop.swift */,
				DA2D00B61EEFF1BF00365F23 /* MOptionReformaCrossing1up.swift */,
				DA2D00BA1EEFF20900365F23 /* MOptionReformaCrossingEnd.swift */,
				DA11DE3C1EF089810043749D /* MOptionReformaCrossingCoin.swift */,
			);
			path = Node;
			sourceTree = "<group>";
		};
		DA2D009E1EEFC15E00365F23 /* Scene */ = {
			isa = PBXGroup;
			children = (
				DA2D009F1EEFC15E00365F23 /* MOptionReformaCrossingSceneGame.swift */,
				DA2D00A81EEFC17E00365F23 /* MOptionREformaCrossingSceneGameOver.swift */,
			);
			path = Scene;
			sourceTree = "<group>";
		};
		DA2D00AF1EEFD82800365F23 /* GameOver */ = {
			isa = PBXGroup;
			children = (
				DA2D00B01EEFD83900365F23 /* MOptionReformaCrossingGameOverProtocol.swift */,
				DA2D00B21EEFD86B00365F23 /* MOptionReformaCrossingGameOverTimeOut.swift */,
				DA11DE3E1EF0F8D00043749D /* MOptionReformaCrossingGameOverHitAndRun.swift */,
			);
			path = GameOver;
			sourceTree = "<group>";
		};
		DA2DFFA31EECB16A00365F23 /* Controller */ = {
			isa = PBXGroup;
			children = (
				DA2DFFA41EECB16A00365F23 /* Abstract */,
				DA2DFFA81EECB16A00365F23 /* Home */,
				DA2D002D1EECC87700365F23 /* Option */,
			);
			path = Controller;
			sourceTree = "<group>";
		};
		DA2DFFA41EECB16A00365F23 /* Abstract */ = {
			isa = PBXGroup;
			children = (
				DA2DFFA51EECB16A00365F23 /* AppDelegate.swift */,
				DA2DFFA61EECB16A00365F23 /* Controller.swift */,
				DA2DFFA71EECB16A00365F23 /* ControllerParent.swift */,
				DA1D57991EF238D300ECA895 /* ControllerParentTransitions.swift */,
				DA1D57971EF235D600ECA895 /* ControllerParentGame.swift */,
				DA2D002A1EECC6CE00365F23 /* ControllerGame.swift */,
			);
			path = Abstract;
			sourceTree = "<group>";
		};
		DA2DFFA81EECB16A00365F23 /* Home */ = {
			isa = PBXGroup;
			children = (
				DA2DFFA91EECB16A00365F23 /* CHome.swift */,
			);
			path = Home;
			sourceTree = "<group>";
		};
		DA2DFFAA1EECB16A00365F23 /* Model */ = {
			isa = PBXGroup;
			children = (
				DA2D00301EECC9F000365F23 /* Option */,
				DA2DFFAB1EECB16A00365F23 /* Home */,
				DA2DFFAC1EECB16A00365F23 /* Main */,
			);
			path = Model;
			sourceTree = "<group>";
		};
		DA2DFFAB1EECB16A00365F23 /* Home */ = {
			isa = PBXGroup;
			children = (
				DA56678A1EF2772A000055D8 /* Options */,
				DA5667771EF276CD000055D8 /* Abstract */,
				DA56677B1EF276CD000055D8 /* Footer */,
			);
			path = Home;
			sourceTree = "<group>";
		};
		DA2DFFAC1EECB16A00365F23 /* Main */ = {
			isa = PBXGroup;
			children = (
				DA5667671EF27427000055D8 /* Abstract */,
				DA5667691EF27427000055D8 /* Game */,
			);
			path = Main;
			sourceTree = "<group>";
		};
		DA2DFFAE1EECB16A00365F23 /* Support */ = {
			isa = PBXGroup;
			children = (
				DA2DFFAF1EECB16A00365F23 /* Assets */,
				DA2DFFB11EECB16A00365F23 /* Data */,
				DA2DFFB21EECB16A00365F23 /* Extensions */,
				DA2DFFBD1EECB16A00365F23 /* Resource */,
			);
			path = Support;
			sourceTree = "<group>";
		};
		DA2DFFAF1EECB16A00365F23 /* Assets */ = {
			isa = PBXGroup;
			children = (
				DA1D57841EF1E73F00ECA895 /* sounds */,
				DA2DFFB01EECB16A00365F23 /* LaunchScreen.storyboard */,
				DA2D003D1EED2F0000365F23 /* assetSprites.xcassets */,
				DA56675E1EF252AE000055D8 /* assetGeneric.xcassets */,
			);
			path = Assets;
			sourceTree = "<group>";
		};
		DA2DFFB11EECB16A00365F23 /* Data */ = {
			isa = PBXGroup;
			children = (
				DA5667601EF26D24000055D8 /* DMiniMancera.xcdatamodeld */,
				DA5667631EF26DFD000055D8 /* DManager.swift */,
				DA5667641EF26DFD000055D8 /* DSettingsExtension.swift */,
			);
			path = Data;
			sourceTree = "<group>";
		};
		DA2DFFB21EECB16A00365F23 /* Extensions */ = {
			isa = PBXGroup;
			children = (
				DA2DFFB31EECB16A00365F23 /* ExtensionDictionary.swift */,
				DA2DFFB41EECB16A00365F23 /* ExtensionFileManager.swift */,
				DA2DFFB51EECB16A00365F23 /* ExtensionNotification.swift */,
				DA2DFFB61EECB16A00365F23 /* ExtensionNSLayoutConstraint.swift */,
				DA2DFFB71EECB16A00365F23 /* ExtensionNSManagedObject.swift */,
				DA2DFFB81EECB16A00365F23 /* ExtensionString.swift */,
				DA2DFFB91EECB16A00365F23 /* ExtensionUICollectionReusableView.swift */,
				DA2DFFBA1EECB16A00365F23 /* ExtensionUIColor.swift */,
				DA2DFFBB1EECB16A00365F23 /* ExtensionUIFont.swift */,
				DA2DFFBC1EECB16A00365F23 /* ExtensionURL.swift */,
			);
			path = Extensions;
			sourceTree = "<group>";
		};
		DA2DFFBD1EECB16A00365F23 /* Resource */ = {
			isa = PBXGroup;
			children = (
				DA2D00271EECB9D500365F23 /* Localizable.strings */,
				DA2DFFC01EECB16A00365F23 /* ResourceURL.plist */,
			);
			path = Resource;
			sourceTree = "<group>";
		};
		DA2DFFC11EECB16A00365F23 /* View */ = {
			isa = PBXGroup;
			children = (
				DA2DFFC21EECB16A00365F23 /* Abstract */,
				DA2DFFC51EECB16A00365F23 /* Basic */,
				DA2DFFD11EECB16A00365F23 /* Home */,
			);
			path = View;
			sourceTree = "<group>";
		};
		DA2DFFC21EECB16A00365F23 /* Abstract */ = {
			isa = PBXGroup;
			children = (
				DA2DFFC31EECB16A00365F23 /* View.swift */,
				DA2DFFC41EECB16A00365F23 /* ViewParent.swift */,
			);
			path = Abstract;
			sourceTree = "<group>";
		};
		DA2DFFC51EECB16A00365F23 /* Basic */ = {
			isa = PBXGroup;
			children = (
				DA2DFFC61EECB16A00365F23 /* VAlert.swift */,
				DA2DFFC71EECB16A00365F23 /* VBlur.swift */,
				DA2DFFC81EECB16A00365F23 /* VBorder.swift */,
				DA2DFFC91EECB16A00365F23 /* VCollection.swift */,
				DA2DFFCA1EECB16A00365F23 /* VCollectionFlow.swift */,
				DA2DFFCB1EECB16A00365F23 /* VGradient.swift */,
				DA2DFFCC1EECB16A00365F23 /* VPushBackground.swift */,
				DA2DFFCD1EECB16A00365F23 /* VSlider.swift */,
				DA2DFFCE1EECB16A00365F23 /* VSliderBar.swift */,
				DA2DFFCF1EECB16A00365F23 /* VSpinner.swift */,
				DA2DFFD01EECB16A00365F23 /* VToast.swift */,
			);
			path = Basic;
			sourceTree = "<group>";
		};
		DA2DFFD11EECB16A00365F23 /* Home */ = {
			isa = PBXGroup;
			children = (
				DA2DFFD21EECB16A00365F23 /* VHome.swift */,
				DA2D00171EECB4C600365F23 /* VHomeHeader.swift */,
				DA2D001B1EECB4DF00365F23 /* VHomeOptions.swift */,
				DA2D001F1EECB68F00365F23 /* VHomeOptionsCell.swift */,
				DA2D00191EECB4CF00365F23 /* VHomeFooter.swift */,
				DA1D579B1EF245C800ECA895 /* VHomeFooterCell.swift */,
			);
			path = Home;
			sourceTree = "<group>";
		};
		DA5667671EF27427000055D8 /* Abstract */ = {
			isa = PBXGroup;
			children = (
				DA5667681EF27427000055D8 /* MSession.swift */,
				DA5667911EF27A21000055D8 /* MSessionSettings.swift */,
				DA56676B1EF27446000055D8 /* MGameProtocol.swift */,
				DA56676D1EF27475000055D8 /* MGameFreeProtocol.swift */,
				DA56676F1EF27482000055D8 /* MGamePurchaseProtocol.swift */,
				DA5667711EF2748F000055D8 /* MGameFactory.swift */,
			);
			path = Abstract;
			sourceTree = "<group>";
		};
		DA5667691EF27427000055D8 /* Game */ = {
			isa = PBXGroup;
			children = (
				DA5667731EF27502000055D8 /* MGameReformaCrossing.swift */,
				DA5667751EF27571000055D8 /* MGamePollutedGarden.swift */,
			);
			path = Game;
			sourceTree = "<group>";
		};
		DA5667771EF276CD000055D8 /* Abstract */ = {
			isa = PBXGroup;
			children = (
				DA5667781EF276CD000055D8 /* MHome.swift */,
				DA5667791EF276CD000055D8 /* MHomeFooterProtocol.swift */,
				DA56677A1EF276CD000055D8 /* MHomeOptionsProtocol.swift */,
			);
			path = Abstract;
			sourceTree = "<group>";
		};
		DA56677B1EF276CD000055D8 /* Footer */ = {
			isa = PBXGroup;
			children = (
				DA56677C1EF276CD000055D8 /* MHomeFooterBoards.swift */,
				DA56677D1EF276CD000055D8 /* MHomeFooterSettings.swift */,
				DA56677E1EF276CD000055D8 /* MHomeFooterStore.swift */,
			);
			path = Footer;
			sourceTree = "<group>";
		};
		DA56678A1EF2772A000055D8 /* Options */ = {
			isa = PBXGroup;
			children = (
				DA56678C1EF2772A000055D8 /* MHomeOptionsReformaCrossing.swift */,
				DA56678F1EF2773B000055D8 /* MHomeOptionsPollutedGarden.swift */,
			);
			path = Options;
			sourceTree = "<group>";
		};
		DAFB5F6E1EECAC74006A3B99 = {
			isa = PBXGroup;
			children = (
				DAFB5F791EECAC74006A3B99 /* miniMancera */,
				DAFB5F781EECAC74006A3B99 /* Products */,
			);
			sourceTree = "<group>";
		};
		DAFB5F781EECAC74006A3B99 /* Products */ = {
			isa = PBXGroup;
			children = (
				DAFB5F771EECAC74006A3B99 /* miniMancera.app */,
			);
			name = Products;
			sourceTree = "<group>";
		};
		DAFB5F791EECAC74006A3B99 /* miniMancera */ = {
			isa = PBXGroup;
			children = (
				DA2DFFA31EECB16A00365F23 /* Controller */,
				DA2DFFAA1EECB16A00365F23 /* Model */,
				DA2DFFC11EECB16A00365F23 /* View */,
				DA2DFFAE1EECB16A00365F23 /* Support */,
				DAFB5F861EECAC74006A3B99 /* Info.plist */,
			);
			path = miniMancera;
			sourceTree = "<group>";
		};
/* End PBXGroup section */

/* Begin PBXNativeTarget section */
		DAFB5F761EECAC74006A3B99 /* miniMancera */ = {
			isa = PBXNativeTarget;
			buildConfigurationList = DAFB5F891EECAC74006A3B99 /* Build configuration list for PBXNativeTarget "miniMancera" */;
			buildPhases = (
				DAFB5F731EECAC74006A3B99 /* Sources */,
				DAFB5F741EECAC74006A3B99 /* Frameworks */,
				DAFB5F751EECAC74006A3B99 /* Resources */,
			);
			buildRules = (
			);
			dependencies = (
			);
			name = miniMancera;
			productName = miniMancera;
			productReference = DAFB5F771EECAC74006A3B99 /* miniMancera.app */;
			productType = "com.apple.product-type.application";
		};
/* End PBXNativeTarget section */

/* Begin PBXProject section */
		DAFB5F6F1EECAC74006A3B99 /* Project object */ = {
			isa = PBXProject;
			attributes = {
				LastSwiftUpdateCheck = 0830;
				LastUpgradeCheck = 0830;
				ORGANIZATIONNAME = iturbide;
				TargetAttributes = {
					DAFB5F761EECAC74006A3B99 = {
						CreatedOnToolsVersion = 8.3.2;
						DevelopmentTeam = 7AMWG3RLHN;
						ProvisioningStyle = Automatic;
					};
				};
			};
			buildConfigurationList = DAFB5F721EECAC74006A3B99 /* Build configuration list for PBXProject "miniMancera" */;
			compatibilityVersion = "Xcode 3.2";
			developmentRegion = English;
			hasScannedForEncodings = 0;
			knownRegions = (
				es,
			);
			mainGroup = DAFB5F6E1EECAC74006A3B99;
			productRefGroup = DAFB5F781EECAC74006A3B99 /* Products */;
			projectDirPath = "";
			projectRoot = "";
			targets = (
				DAFB5F761EECAC74006A3B99 /* miniMancera */,
			);
		};
/* End PBXProject section */

/* Begin PBXResourcesBuildPhase section */
		DAFB5F751EECAC74006A3B99 /* Resources */ = {
			isa = PBXResourcesBuildPhase;
			buildActionMask = 2147483647;
			files = (
				DA1D57921EF207B700ECA895 /* soundCarHorn.caf in Resources */,
				DA2DFFD81EECB16A00365F23 /* LaunchScreen.storyboard in Resources */,
				DA56675F1EF252AE000055D8 /* assetGeneric.xcassets in Resources */,
				DA1D57941EF207B700ECA895 /* soundFail.caf in Resources */,
				DA1D57951EF207B700ECA895 /* sound1up.caf in Resources */,
				DA2D00291EECB9D500365F23 /* Localizable.strings in Resources */,
				DA1D578C1EF1EEE100ECA895 /* soundReformaCrossing.caf in Resources */,
				DA2D003E1EED2F0000365F23 /* assetSprites.xcassets in Resources */,
				DA1D57961EF207B700ECA895 /* soundVictory.caf in Resources */,
				DA1D57931EF207B700ECA895 /* soundCoin.caf in Resources */,
				DA2DFFE41EECB16A00365F23 /* ResourceURL.plist in Resources */,
			);
			runOnlyForDeploymentPostprocessing = 0;
		};
/* End PBXResourcesBuildPhase section */

/* Begin PBXSourcesBuildPhase section */
		DAFB5F731EECAC74006A3B99 /* Sources */ = {
			isa = PBXSourcesBuildPhase;
			buildActionMask = 2147483647;
			files = (
				DA2DFFE51EECB16A00365F23 /* View.swift in Sources */,
				DA5667821EF276CD000055D8 /* MHomeFooterProtocol.swift in Sources */,
				DA2DFFD31EECB16A00365F23 /* AppDelegate.swift in Sources */,
				DA2D00A51EEFC15E00365F23 /* MOptionReformaCrossingStop.swift in Sources */,
				DA2DFFD51EECB16A00365F23 /* ControllerParent.swift in Sources */,
				DA56676E1EF27475000055D8 /* MGameFreeProtocol.swift in Sources */,
				DA2DFFDC1EECB16A00365F23 /* ExtensionNSLayoutConstraint.swift in Sources */,
				DA11DE471EF10A480043749D /* MOptionReformaCrossingFoeFactory.swift in Sources */,
				DA2D008F1EEE6D6F00365F23 /* MOptionReformaCrossingLaneGroup.swift in Sources */,
				DA2D007E1EEDE38600365F23 /* MOptionReformaCrossingLaneH.swift in Sources */,
				DA5667831EF276CD000055D8 /* MHomeOptionsProtocol.swift in Sources */,
				DA2DFFE91EECB16A00365F23 /* VBorder.swift in Sources */,
				DA2DFFEA1EECB16A00365F23 /* VCollection.swift in Sources */,
				DA2D007C1EEDE38600365F23 /* MOptionReformaCrossingLaneF.swift in Sources */,
				DA5667841EF276CD000055D8 /* MHomeFooterBoards.swift in Sources */,
				DA2DFFED1EECB16A00365F23 /* VPushBackground.swift in Sources */,
				DA1D579C1EF245C800ECA895 /* VHomeFooterCell.swift in Sources */,
				DA56676C1EF27446000055D8 /* MGameProtocol.swift in Sources */,
				DA2D00BB1EEFF20900365F23 /* MOptionReformaCrossingEnd.swift in Sources */,
				DA2D00B11EEFD83900365F23 /* MOptionReformaCrossingGameOverProtocol.swift in Sources */,
				DA2DFFF21EECB16A00365F23 /* VHome.swift in Sources */,
				DA2DFFDD1EECB16A00365F23 /* ExtensionNSManagedObject.swift in Sources */,
				DA2D00A21EEFC15E00365F23 /* MOptionReformaCrossingHud.swift in Sources */,
				DA2D00871EEDF4E200365F23 /* MOptionReformaCrossingFoeVW.swift in Sources */,
				DA11DE4D1EF12B9E0043749D /* MOptionReformaCrossingFoePolice.swift in Sources */,
				DA2D00B31EEFD86B00365F23 /* MOptionReformaCrossingGameOverTimeOut.swift in Sources */,
				DA5667851EF276CD000055D8 /* MHomeFooterSettings.swift in Sources */,
				DA5667811EF276CD000055D8 /* MHome.swift in Sources */,
				DA2DFFE21EECB16A00365F23 /* ExtensionURL.swift in Sources */,
				DA5667741EF27502000055D8 /* MGameReformaCrossing.swift in Sources */,
				DA5667651EF26DFD000055D8 /* DManager.swift in Sources */,
				DA2DFFEF1EECB16A00365F23 /* VSliderBar.swift in Sources */,
				DA2DFFEB1EECB16A00365F23 /* VCollectionFlow.swift in Sources */,
				DA2DFFDB1EECB16A00365F23 /* ExtensionNotification.swift in Sources */,
				DA2D00811EEDE38600365F23 /* MOptionReformaCrossingLaneRight.swift in Sources */,
				DA2D00A41EEFC15E00365F23 /* MOptionReformaCrossingPlayer.swift in Sources */,
				DA11DE491EF111790043749D /* MOptionReformaCrossingFoeRuta2.swift in Sources */,
				DA2D00831EEDE39D00365F23 /* MOptionReformaCrossingLane.swift in Sources */,
				DA5667921EF27A21000055D8 /* MSessionSettings.swift in Sources */,
				DA11DE3F1EF0F8D00043749D /* MOptionReformaCrossingGameOverHitAndRun.swift in Sources */,
				DA5667861EF276CD000055D8 /* MHomeFooterStore.swift in Sources */,
				DA2D002B1EECC6CE00365F23 /* ControllerGame.swift in Sources */,
				DA5667621EF26D24000055D8 /* DMiniMancera.xcdatamodeld in Sources */,
				DA11DE551EF1AF430043749D /* MOptionReformaCrossingFoeLordAudi.swift in Sources */,
				DA2D00771EEDE38600365F23 /* MOptionReformaCrossingLaneA.swift in Sources */,
				DA2D001A1EECB4CF00365F23 /* VHomeFooter.swift in Sources */,
				DA2D007B1EEDE38600365F23 /* MOptionReformaCrossingLaneE.swift in Sources */,
				DA2D00851EEDF49700365F23 /* MOptionReformaCrossingFoeProtocol.swift in Sources */,
				DA11DE4F1EF141F10043749D /* MOptionReformaCrossingFoeTamales.swift in Sources */,
				DA2D00761EEDE38600365F23 /* MOptionReformaCrossingFoe.swift in Sources */,
				DA2DFFE71EECB16A00365F23 /* VAlert.swift in Sources */,
				DA2DFFDA1EECB16A00365F23 /* ExtensionFileManager.swift in Sources */,
				DA1D579A1EF238D300ECA895 /* ControllerParentTransitions.swift in Sources */,
				DA2D00B71EEFF1BF00365F23 /* MOptionReformaCrossing1up.swift in Sources */,
				DA2D00801EEDE38600365F23 /* MOptionReformaCrossingLaneProtocol.swift in Sources */,
				DA2DFFD61EECB16A00365F23 /* CHome.swift in Sources */,
				DA11DE511EF14A3A0043749D /* MOptionReformaCrossingFoeTaxiPink.swift in Sources */,
				DA2D00341EECCA1000365F23 /* MOptionProtocol.swift in Sources */,
				DA5667721EF2748F000055D8 /* MGameFactory.swift in Sources */,
				DA2DFFDE1EECB16A00365F23 /* ExtensionString.swift in Sources */,
				DA2D00201EECB68F00365F23 /* VHomeOptionsCell.swift in Sources */,
				DA2DFFE11EECB16A00365F23 /* ExtensionUIFont.swift in Sources */,
				DA2D00A91EEFC17E00365F23 /* MOptionREformaCrossingSceneGameOver.swift in Sources */,
				DA11DE3D1EF089810043749D /* MOptionReformaCrossingCoin.swift in Sources */,
				DA2D00791EEDE38600365F23 /* MOptionReformaCrossingLaneC.swift in Sources */,
				DA2DFFEE1EECB16A00365F23 /* VSlider.swift in Sources */,
				DA2D00711EEDE38600365F23 /* MOptionReformaCrossing.swift in Sources */,
				DA2DFFE61EECB16A00365F23 /* ViewParent.swift in Sources */,
				DA2DFFF11EECB16A00365F23 /* VToast.swift in Sources */,
				DA2D00181EECB4C600365F23 /* VHomeHeader.swift in Sources */,
				DA2D007F1EEDE38600365F23 /* MOptionReformaCrossingLaneLeft.swift in Sources */,
				DA2D001C1EECB4DF00365F23 /* VHomeOptions.swift in Sources */,
				DA2D008D1EEE04E300365F23 /* MOptionReformaCrossingPhysicsStruct.swift in Sources */,
				DA2DFFE81EECB16A00365F23 /* VBlur.swift in Sources */,
				DA2DFFF01EECB16A00365F23 /* VSpinner.swift in Sources */,
				DA2DFFD41EECB16A00365F23 /* Controller.swift in Sources */,
				DA2D007A1EEDE38600365F23 /* MOptionReformaCrossingLaneD.swift in Sources */,
				DA2D002F1EECC88F00365F23 /* COptionReformaCrossing.swift in Sources */,
				DA2DFFD91EECB16A00365F23 /* ExtensionDictionary.swift in Sources */,
				DA5667901EF2773B000055D8 /* MHomeOptionsPollutedGarden.swift in Sources */,
				DA2D00781EEDE38600365F23 /* MOptionReformaCrossingLaneB.swift in Sources */,
				DA5667761EF27571000055D8 /* MGamePollutedGarden.swift in Sources */,
				DA2D00A61EEFC15E00365F23 /* MOptionReformaCrossingSceneGame.swift in Sources */,
				DA2DFFDF1EECB16A00365F23 /* ExtensionUICollectionReusableView.swift in Sources */,
				DA2DFFEC1EECB16A00365F23 /* VGradient.swift in Sources */,
				DA5667661EF26DFD000055D8 /* DSettingsExtension.swift in Sources */,
				DA2D00A31EEFC15E00365F23 /* MOptionReformaCrossingMenu.swift in Sources */,
				DA56678E1EF2772A000055D8 /* MHomeOptionsReformaCrossing.swift in Sources */,
				DA5667701EF27482000055D8 /* MGamePurchaseProtocol.swift in Sources */,
				DA1D57831EF1CE5D00ECA895 /* MOptionReformaCrossingFoeCyclerFemale.swift in Sources */,
				DA56676A1EF27427000055D8 /* MSession.swift in Sources */,
				DA2DFFE01EECB16A00365F23 /* ExtensionUIColor.swift in Sources */,
				DA11DE531EF1A7950043749D /* MOptionReformaCrossingFoeFierroViejo.swift in Sources */,
				DA2D007D1EEDE38600365F23 /* MOptionReformaCrossingLaneG.swift in Sources */,
				DA1D57981EF235D600ECA895 /* ControllerParentGame.swift in Sources */,
				DA2D00A11EEFC15E00365F23 /* MOptionReformaCrossingBackground.swift in Sources */,
				DA11DE4B1EF11E2F0043749D /* MOptionReformaCrossingFoeMetrobus.swift in Sources */,
			);
			runOnlyForDeploymentPostprocessing = 0;
		};
/* End PBXSourcesBuildPhase section */

/* Begin PBXVariantGroup section */
		DA2D00271EECB9D500365F23 /* Localizable.strings */ = {
			isa = PBXVariantGroup;
			children = (
				DA2D00281EECB9D500365F23 /* es */,
			);
			name = Localizable.strings;
			sourceTree = "<group>";
		};
/* End PBXVariantGroup section */

/* Begin XCBuildConfiguration section */
		DAFB5F871EECAC74006A3B99 /* Debug */ = {
			isa = XCBuildConfiguration;
			buildSettings = {
				ALWAYS_SEARCH_USER_PATHS = NO;
				CLANG_ANALYZER_NONNULL = YES;
				CLANG_ANALYZER_NUMBER_OBJECT_CONVERSION = YES_AGGRESSIVE;
				CLANG_CXX_LANGUAGE_STANDARD = "gnu++0x";
				CLANG_CXX_LIBRARY = "libc++";
				CLANG_ENABLE_MODULES = NO;
				CLANG_ENABLE_OBJC_ARC = YES;
				CLANG_WARN_BOOL_CONVERSION = YES;
				CLANG_WARN_CONSTANT_CONVERSION = YES;
				CLANG_WARN_DIRECT_OBJC_ISA_USAGE = YES_ERROR;
				CLANG_WARN_DOCUMENTATION_COMMENTS = YES;
				CLANG_WARN_EMPTY_BODY = YES;
				CLANG_WARN_ENUM_CONVERSION = YES;
				CLANG_WARN_INFINITE_RECURSION = YES;
				CLANG_WARN_INT_CONVERSION = YES;
				CLANG_WARN_OBJC_ROOT_CLASS = YES_ERROR;
				CLANG_WARN_SUSPICIOUS_MOVE = YES;
				CLANG_WARN_UNREACHABLE_CODE = YES;
				CLANG_WARN__DUPLICATE_METHOD_MATCH = YES;
				"CODE_SIGN_IDENTITY[sdk=iphoneos*]" = "iPhone Developer";
				COPY_PHASE_STRIP = NO;
				DEBUG_INFORMATION_FORMAT = dwarf;
				ENABLE_STRICT_OBJC_MSGSEND = YES;
				ENABLE_TESTABILITY = YES;
				GCC_C_LANGUAGE_STANDARD = gnu99;
				GCC_DYNAMIC_NO_PIC = NO;
				GCC_NO_COMMON_BLOCKS = YES;
				GCC_OPTIMIZATION_LEVEL = 0;
				GCC_PREPROCESSOR_DEFINITIONS = (
					"DEBUG=1",
					"$(inherited)",
				);
				GCC_WARN_64_TO_32_BIT_CONVERSION = YES;
				GCC_WARN_ABOUT_RETURN_TYPE = YES_ERROR;
				GCC_WARN_UNDECLARED_SELECTOR = YES;
				GCC_WARN_UNINITIALIZED_AUTOS = YES_AGGRESSIVE;
				GCC_WARN_UNUSED_FUNCTION = YES;
				GCC_WARN_UNUSED_VARIABLE = YES;
				IPHONEOS_DEPLOYMENT_TARGET = 9.0;
				MTL_ENABLE_DEBUG_INFO = YES;
				ONLY_ACTIVE_ARCH = YES;
				SDKROOT = iphoneos;
				SWIFT_ACTIVE_COMPILATION_CONDITIONS = DEBUG;
				SWIFT_INSTALL_OBJC_HEADER = NO;
				SWIFT_OPTIMIZATION_LEVEL = "-Onone";
				TARGETED_DEVICE_FAMILY = "1,2";
			};
			name = Debug;
		};
		DAFB5F881EECAC74006A3B99 /* Release */ = {
			isa = XCBuildConfiguration;
			buildSettings = {
				ALWAYS_SEARCH_USER_PATHS = NO;
				CLANG_ANALYZER_NONNULL = YES;
				CLANG_ANALYZER_NUMBER_OBJECT_CONVERSION = YES_AGGRESSIVE;
				CLANG_CXX_LANGUAGE_STANDARD = "gnu++0x";
				CLANG_CXX_LIBRARY = "libc++";
				CLANG_ENABLE_MODULES = NO;
				CLANG_ENABLE_OBJC_ARC = YES;
				CLANG_WARN_BOOL_CONVERSION = YES;
				CLANG_WARN_CONSTANT_CONVERSION = YES;
				CLANG_WARN_DIRECT_OBJC_ISA_USAGE = YES_ERROR;
				CLANG_WARN_DOCUMENTATION_COMMENTS = YES;
				CLANG_WARN_EMPTY_BODY = YES;
				CLANG_WARN_ENUM_CONVERSION = YES;
				CLANG_WARN_INFINITE_RECURSION = YES;
				CLANG_WARN_INT_CONVERSION = YES;
				CLANG_WARN_OBJC_ROOT_CLASS = YES_ERROR;
				CLANG_WARN_SUSPICIOUS_MOVE = YES;
				CLANG_WARN_UNREACHABLE_CODE = YES;
				CLANG_WARN__DUPLICATE_METHOD_MATCH = YES;
				"CODE_SIGN_IDENTITY[sdk=iphoneos*]" = "iPhone Developer";
				COPY_PHASE_STRIP = NO;
				DEBUG_INFORMATION_FORMAT = "dwarf-with-dsym";
				ENABLE_NS_ASSERTIONS = NO;
				ENABLE_STRICT_OBJC_MSGSEND = YES;
				GCC_C_LANGUAGE_STANDARD = gnu99;
				GCC_NO_COMMON_BLOCKS = YES;
				GCC_WARN_64_TO_32_BIT_CONVERSION = YES;
				GCC_WARN_ABOUT_RETURN_TYPE = YES_ERROR;
				GCC_WARN_UNDECLARED_SELECTOR = YES;
				GCC_WARN_UNINITIALIZED_AUTOS = YES_AGGRESSIVE;
				GCC_WARN_UNUSED_FUNCTION = YES;
				GCC_WARN_UNUSED_VARIABLE = YES;
				IPHONEOS_DEPLOYMENT_TARGET = 9.0;
				MTL_ENABLE_DEBUG_INFO = NO;
				SDKROOT = iphoneos;
				SWIFT_INSTALL_OBJC_HEADER = NO;
				SWIFT_OPTIMIZATION_LEVEL = "-Owholemodule";
				TARGETED_DEVICE_FAMILY = "1,2";
				VALIDATE_PRODUCT = YES;
			};
			name = Release;
		};
		DAFB5F8A1EECAC74006A3B99 /* Debug */ = {
			isa = XCBuildConfiguration;
			buildSettings = {
				DEVELOPMENT_TEAM = 7AMWG3RLHN;
				INFOPLIST_FILE = miniMancera/Info.plist;
				LD_RUNPATH_SEARCH_PATHS = "$(inherited) @executable_path/Frameworks";
				PRODUCT_BUNDLE_IDENTIFIER = iturbide.miniMancera;
				PRODUCT_NAME = "$(TARGET_NAME)";
				SWIFT_VERSION = 3.0;
				TARGETED_DEVICE_FAMILY = "1,2";
			};
			name = Debug;
		};
		DAFB5F8B1EECAC74006A3B99 /* Release */ = {
			isa = XCBuildConfiguration;
			buildSettings = {
				DEVELOPMENT_TEAM = 7AMWG3RLHN;
				INFOPLIST_FILE = miniMancera/Info.plist;
				LD_RUNPATH_SEARCH_PATHS = "$(inherited) @executable_path/Frameworks";
				PRODUCT_BUNDLE_IDENTIFIER = iturbide.miniMancera;
				PRODUCT_NAME = "$(TARGET_NAME)";
				SWIFT_VERSION = 3.0;
				TARGETED_DEVICE_FAMILY = "1,2";
			};
			name = Release;
		};
/* End XCBuildConfiguration section */

/* Begin XCConfigurationList section */
		DAFB5F721EECAC74006A3B99 /* Build configuration list for PBXProject "miniMancera" */ = {
			isa = XCConfigurationList;
			buildConfigurations = (
				DAFB5F871EECAC74006A3B99 /* Debug */,
				DAFB5F881EECAC74006A3B99 /* Release */,
			);
			defaultConfigurationIsVisible = 0;
			defaultConfigurationName = Release;
		};
		DAFB5F891EECAC74006A3B99 /* Build configuration list for PBXNativeTarget "miniMancera" */ = {
			isa = XCConfigurationList;
			buildConfigurations = (
				DAFB5F8A1EECAC74006A3B99 /* Debug */,
				DAFB5F8B1EECAC74006A3B99 /* Release */,
			);
			defaultConfigurationIsVisible = 0;
			defaultConfigurationName = Release;
		};
/* End XCConfigurationList section */

/* Begin XCVersionGroup section */
		DA5667601EF26D24000055D8 /* DMiniMancera.xcdatamodeld */ = {
			isa = XCVersionGroup;
			children = (
				DA5667611EF26D24000055D8 /* DMiniMancera.xcdatamodel */,
			);
			currentVersion = DA5667611EF26D24000055D8 /* DMiniMancera.xcdatamodel */;
			path = DMiniMancera.xcdatamodeld;
			sourceTree = "<group>";
			versionGroupType = wrapper.xcdatamodel;
		};
/* End XCVersionGroup section */
	};
	rootObject = DAFB5F6F1EECAC74006A3B99 /* Project object */;
}
